// !$*UTF8*$!
{
	archiveVersion = 1;
	classes = {
	};
	objectVersion = 77;
	objects = {

/* Begin PBXContainerItemProxy section */
		808F39292DB9E9100019B6F6 /* PBXContainerItemProxy */ = {
			isa = PBXContainerItemProxy;
			containerPortal = 808F390E2DB9E90F0019B6F6 /* Project object */;
			proxyType = 1;
			remoteGlobalIDString = 808F39152DB9E90F0019B6F6;
			remoteInfo = VisualAppClipDemo;
		};
		808F39332DB9E9100019B6F6 /* PBXContainerItemProxy */ = {
			isa = PBXContainerItemProxy;
			containerPortal = 808F390E2DB9E90F0019B6F6 /* Project object */;
			proxyType = 1;
			remoteGlobalIDString = 808F39152DB9E90F0019B6F6;
			remoteInfo = VisualAppClipDemo;
		};
/* End PBXContainerItemProxy section */

/* Begin PBXFileReference section */
		808F39162DB9E90F0019B6F6 /* VisualAppClipDemo.app */ = {isa = PBXFileReference; explicitFileType = wrapper.application; includeInIndex = 0; path = VisualAppClipDemo.app; sourceTree = BUILT_PRODUCTS_DIR; };
		808F39282DB9E9100019B6F6 /* VisualAppClipDemoTests.xctest */ = {isa = PBXFileReference; explicitFileType = wrapper.cfbundle; includeInIndex = 0; path = VisualAppClipDemoTests.xctest; sourceTree = BUILT_PRODUCTS_DIR; };
		808F39322DB9E9100019B6F6 /* VisualAppClipDemoUITests.xctest */ = {isa = PBXFileReference; explicitFileType = wrapper.cfbundle; includeInIndex = 0; path = VisualAppClipDemoUITests.xctest; sourceTree = BUILT_PRODUCTS_DIR; };
/* End PBXFileReference section */

/* Begin PBXFileSystemSynchronizedRootGroup section */
		808F39182DB9E90F0019B6F6 /* VisualAppClipDemo */ = {
			isa = PBXFileSystemSynchronizedRootGroup;
			path = VisualAppClipDemo;
			sourceTree = "<group>";
		};
		808F392B2DB9E9100019B6F6 /* VisualAppClipDemoTests */ = {
			isa = PBXFileSystemSynchronizedRootGroup;
			path = VisualAppClipDemoTests;
			sourceTree = "<group>";
		};
		808F39352DB9E9100019B6F6 /* VisualAppClipDemoUITests */ = {
			isa = PBXFileSystemSynchronizedRootGroup;
			path = VisualAppClipDemoUITests;
			sourceTree = "<group>";
		};
/* End PBXFileSystemSynchronizedRootGroup section */

/* Begin PBXFrameworksBuildPhase section */
		808F39132DB9E90F0019B6F6 /* Frameworks */ = {
			isa = PBXFrameworksBuildPhase;
			buildActionMask = 2147483647;
			files = (
			);
			runOnlyForDeploymentPostprocessing = 0;
		};
		808F39252DB9E9100019B6F6 /* Frameworks */ = {
			isa = PBXFrameworksBuildPhase;
			buildActionMask = 2147483647;
			files = (
			);
			runOnlyForDeploymentPostprocessing = 0;
		};
		808F392F2DB9E9100019B6F6 /* Frameworks */ = {
			isa = PBXFrameworksBuildPhase;
			buildActionMask = 2147483647;
			files = (
			);
			runOnlyForDeploymentPostprocessing = 0;
		};
/* End PBXFrameworksBuildPhase section */

/* Begin PBXGroup section */
		808F390D2DB9E90F0019B6F6 = {
			isa = PBXGroup;
			children = (
				808F39182DB9E90F0019B6F6 /* VisualAppClipDemo */,
				808F392B2DB9E9100019B6F6 /* VisualAppClipDemoTests */,
				808F39352DB9E9100019B6F6 /* VisualAppClipDemoUITests */,
				808F39172DB9E90F0019B6F6 /* Products */,
			);
			sourceTree = "<group>";
		};
		808F39172DB9E90F0019B6F6 /* Products */ = {
			isa = PBXGroup;
			children = (
				808F39162DB9E90F0019B6F6 /* VisualAppClipDemo.app */,
				808F39282DB9E9100019B6F6 /* VisualAppClipDemoTests.xctest */,
				808F39322DB9E9100019B6F6 /* VisualAppClipDemoUITests.xctest */,
			);
			name = Products;
			sourceTree = "<group>";
		};
/* End PBXGroup section */

/* Begin PBXNativeTarget section */
		808F39152DB9E90F0019B6F6 /* VisualAppClipDemo */ = {
			isa = PBXNativeTarget;
			buildConfigurationList = 808F393C2DB9E9100019B6F6 /* Build configuration list for PBXNativeTarget "VisualAppClipDemo" */;
			buildPhases = (
				808F39122DB9E90F0019B6F6 /* Sources */,
				808F39132DB9E90F0019B6F6 /* Frameworks */,
				808F39142DB9E90F0019B6F6 /* Resources */,
			);
			buildRules = (
			);
			dependencies = (
			);
			fileSystemSynchronizedGroups = (
				808F39182DB9E90F0019B6F6 /* VisualAppClipDemo */,
			);
			name = VisualAppClipDemo;
			packageProductDependencies = (
			);
			productName = VisualAppClipDemo;
			productReference = 808F39162DB9E90F0019B6F6 /* VisualAppClipDemo.app */;
			productType = "com.apple.product-type.application";
		};
		808F39272DB9E9100019B6F6 /* VisualAppClipDemoTests */ = {
			isa = PBXNativeTarget;
			buildConfigurationList = 808F393F2DB9E9100019B6F6 /* Build configuration list for PBXNativeTarget "VisualAppClipDemoTests" */;
			buildPhases = (
				808F39242DB9E9100019B6F6 /* Sources */,
				808F39252DB9E9100019B6F6 /* Frameworks */,
				808F39262DB9E9100019B6F6 /* Resources */,
			);
			buildRules = (
			);
			dependencies = (
				808F392A2DB9E9100019B6F6 /* PBXTargetDependency */,
			);
			fileSystemSynchronizedGroups = (
				808F392B2DB9E9100019B6F6 /* VisualAppClipDemoTests */,
			);
			name = VisualAppClipDemoTests;
			packageProductDependencies = (
			);
			productName = VisualAppClipDemoTests;
			productReference = 808F39282DB9E9100019B6F6 /* VisualAppClipDemoTests.xctest */;
			productType = "com.apple.product-type.bundle.unit-test";
		};
		808F39312DB9E9100019B6F6 /* VisualAppClipDemoUITests */ = {
			isa = PBXNativeTarget;
			buildConfigurationList = 808F39422DB9E9100019B6F6 /* Build configuration list for PBXNativeTarget "VisualAppClipDemoUITests" */;
			buildPhases = (
				808F392E2DB9E9100019B6F6 /* Sources */,
				808F392F2DB9E9100019B6F6 /* Frameworks */,
				808F39302DB9E9100019B6F6 /* Resources */,
			);
			buildRules = (
			);
			dependencies = (
				808F39342DB9E9100019B6F6 /* PBXTargetDependency */,
			);
			fileSystemSynchronizedGroups = (
				808F39352DB9E9100019B6F6 /* VisualAppClipDemoUITests */,
			);
			name = VisualAppClipDemoUITests;
			packageProductDependencies = (
			);
			productName = VisualAppClipDemoUITests;
			productReference = 808F39322DB9E9100019B6F6 /* VisualAppClipDemoUITests.xctest */;
			productType = "com.apple.product-type.bundle.ui-testing";
		};
/* End PBXNativeTarget section */

/* Begin PBXProject section */
		808F390E2DB9E90F0019B6F6 /* Project object */ = {
			isa = PBXProject;
			attributes = {
				BuildIndependentTargetsInParallel = 1;
				LastSwiftUpdateCheck = 1620;
				LastUpgradeCheck = 1620;
				TargetAttributes = {
					808F39152DB9E90F0019B6F6 = {
						CreatedOnToolsVersion = 16.2;
					};
					808F39272DB9E9100019B6F6 = {
						CreatedOnToolsVersion = 16.2;
						TestTargetID = 808F39152DB9E90F0019B6F6;
					};
					808F39312DB9E9100019B6F6 = {
						CreatedOnToolsVersion = 16.2;
						TestTargetID = 808F39152DB9E90F0019B6F6;
					};
				};
			};
			buildConfigurationList = 808F39112DB9E90F0019B6F6 /* Build configuration list for PBXProject "VisualAppClipDemo" */;
			developmentRegion = en;
			hasScannedForEncodings = 0;
			knownRegions = (
				en,
				Base,
			);
			mainGroup = 808F390D2DB9E90F0019B6F6;
			minimizedProjectReferenceProxies = 1;
			preferredProjectObjectVersion = 77;
			productRefGroup = 808F39172DB9E90F0019B6F6 /* Products */;
			projectDirPath = "";
			projectRoot = "";
			targets = (
				808F39152DB9E90F0019B6F6 /* VisualAppClipDemo */,
				808F39272DB9E9100019B6F6 /* VisualAppClipDemoTests */,
				808F39312DB9E9100019B6F6 /* VisualAppClipDemoUITests */,
			);
		};
/* End PBXProject section */

/* Begin PBXResourcesBuildPhase section */
		808F39142DB9E90F0019B6F6 /* Resources */ = {
			isa = PBXResourcesBuildPhase;
			buildActionMask = 2147483647;
			files = (
			);
			runOnlyForDeploymentPostprocessing = 0;
		};
		808F39262DB9E9100019B6F6 /* Resources */ = {
			isa = PBXResourcesBuildPhase;
			buildActionMask = 2147483647;
			files = (
			);
			runOnlyForDeploymentPostprocessing = 0;
		};
		808F39302DB9E9100019B6F6 /* Resources */ = {
			isa = PBXResourcesBuildPhase;
			buildActionMask = 2147483647;
			files = (
			);
			runOnlyForDeploymentPostprocessing = 0;
		};
/* End PBXResourcesBuildPhase section */

/* Begin PBXSourcesBuildPhase section */
		808F39122DB9E90F0019B6F6 /* Sources */ = {
			isa = PBXSourcesBuildPhase;
			buildActionMask = 2147483647;
			files = (
			);
			runOnlyForDeploymentPostprocessing = 0;
		};
		808F39242DB9E9100019B6F6 /* Sources */ = {
			isa = PBXSourcesBuildPhase;
			buildActionMask = 2147483647;
			files = (
			);
			runOnlyForDeploymentPostprocessing = 0;
		};
		808F392E2DB9E9100019B6F6 /* Sources */ = {
			isa = PBXSourcesBuildPhase;
			buildActionMask = 2147483647;
			files = (
			);
			runOnlyForDeploymentPostprocessing = 0;
		};
/* End PBXSourcesBuildPhase section */

/* Begin PBXTargetDependency section */
		808F392A2DB9E9100019B6F6 /* PBXTargetDependency */ = {
			isa = PBXTargetDependency;
			target = 808F39152DB9E90F0019B6F6 /* VisualAppClipDemo */;
			targetProxy = 808F39292DB9E9100019B6F6 /* PBXContainerItemProxy */;
		};
		808F39342DB9E9100019B6F6 /* PBXTargetDependency */ = {
			isa = PBXTargetDependency;
			target = 808F39152DB9E90F0019B6F6 /* VisualAppClipDemo */;
			targetProxy = 808F39332DB9E9100019B6F6 /* PBXContainerItemProxy */;
		};
/* End PBXTargetDependency section */

/* Begin XCBuildConfiguration section */
		808F393A2DB9E9100019B6F6 /* Debug */ = {
			isa = XCBuildConfiguration;
			buildSettings = {
				ALWAYS_SEARCH_USER_PATHS = NO;
				ASSETCATALOG_COMPILER_GENERATE_SWIFT_ASSET_SYMBOL_EXTENSIONS = YES;
				CLANG_ANALYZER_NONNULL = YES;
				CLANG_ANALYZER_NUMBER_OBJECT_CONVERSION = YES_AGGRESSIVE;
				CLANG_CXX_LANGUAGE_STANDARD = "gnu++20";
				CLANG_ENABLE_MODULES = YES;
				CLANG_ENABLE_OBJC_ARC = YES;
				CLANG_ENABLE_OBJC_WEAK = YES;
				CLANG_WARN_BLOCK_CAPTURE_AUTORELEASING = YES;
				CLANG_WARN_BOOL_CONVERSION = YES;
				CLANG_WARN_COMMA = YES;
				CLANG_WARN_CONSTANT_CONVERSION = YES;
				CLANG_WARN_DEPRECATED_OBJC_IMPLEMENTATIONS = YES;
				CLANG_WARN_DIRECT_OBJC_ISA_USAGE = YES_ERROR;
				CLANG_WARN_DOCUMENTATION_COMMENTS = YES;
				CLANG_WARN_EMPTY_BODY = YES;
				CLANG_WARN_ENUM_CONVERSION = YES;
				CLANG_WARN_INFINITE_RECURSION = YES;
				CLANG_WARN_INT_CONVERSION = YES;
				CLANG_WARN_NON_LITERAL_NULL_CONVERSION = YES;
				CLANG_WARN_OBJC_IMPLICIT_RETAIN_SELF = YES;
				CLANG_WARN_OBJC_LITERAL_CONVERSION = YES;
				CLANG_WARN_OBJC_ROOT_CLASS = YES_ERROR;
				CLANG_WARN_QUOTED_INCLUDE_IN_FRAMEWORK_HEADER = YES;
				CLANG_WARN_RANGE_LOOP_ANALYSIS = YES;
				CLANG_WARN_STRICT_PROTOTYPES = YES;
				CLANG_WARN_SUSPICIOUS_MOVE = YES;
				CLANG_WARN_UNGUARDED_AVAILABILITY = YES_AGGRESSIVE;
				CLANG_WARN_UNREACHABLE_CODE = YES;
				CLANG_WARN__DUPLICATE_METHOD_MATCH = YES;
				COPY_PHASE_STRIP = NO;
				DEBUG_INFORMATION_FORMAT = dwarf;
				ENABLE_STRICT_OBJC_MSGSEND = YES;
				ENABLE_TESTABILITY = YES;
				ENABLE_USER_SCRIPT_SANDBOXING = YES;
				GCC_C_LANGUAGE_STANDARD = gnu17;
				GCC_DYNAMIC_NO_PIC = NO;
				GCC_NO_COMMON_BLOCKS = YES;
				GCC_OPTIMIZATION_LEVEL = 0;
				GCC_PREPROCESSOR_DEFINITIONS = (
					"DEBUG=1",
					"$(inherited)",
				);
				GCC_WARN_64_TO_32_BIT_CONVERSION = YES;
				GCC_WARN_ABOUT_RETURN_TYPE = YES_ERROR;
				GCC_WARN_UNDECLARED_SELECTOR = YES;
				GCC_WARN_UNINITIALIZED_AUTOS = YES_AGGRESSIVE;
				GCC_WARN_UNUSED_FUNCTION = YES;
				GCC_WARN_UNUSED_VARIABLE = YES;
				IPHONEOS_DEPLOYMENT_TARGET = 18.2;
				LOCALIZATION_PREFERS_STRING_CATALOGS = YES;
				MTL_ENABLE_DEBUG_INFO = INCLUDE_SOURCE;
				MTL_FAST_MATH = YES;
				ONLY_ACTIVE_ARCH = YES;
				SDKROOT = iphoneos;
				SWIFT_ACTIVE_COMPILATION_CONDITIONS = "DEBUG $(inherited)";
				SWIFT_OPTIMIZATION_LEVEL = "-Onone";
			};
			name = Debug;
		};
		808F393B2DB9E9100019B6F6 /* Release */ = {
			isa = XCBuildConfiguration;
			buildSettings = {
				ALWAYS_SEARCH_USER_PATHS = NO;
				ASSETCATALOG_COMPILER_GENERATE_SWIFT_ASSET_SYMBOL_EXTENSIONS = YES;
				CLANG_ANALYZER_NONNULL = YES;
				CLANG_ANALYZER_NUMBER_OBJECT_CONVERSION = YES_AGGRESSIVE;
				CLANG_CXX_LANGUAGE_STANDARD = "gnu++20";
				CLANG_ENABLE_MODULES = YES;
				CLANG_ENABLE_OBJC_ARC = YES;
				CLANG_ENABLE_OBJC_WEAK = YES;
				CLANG_WARN_BLOCK_CAPTURE_AUTORELEASING = YES;
				CLANG_WARN_BOOL_CONVERSION = YES;
				CLANG_WARN_COMMA = YES;
				CLANG_WARN_CONSTANT_CONVERSION = YES;
				CLANG_WARN_DEPRECATED_OBJC_IMPLEMENTATIONS = YES;
				CLANG_WARN_DIRECT_OBJC_ISA_USAGE = YES_ERROR;
				CLANG_WARN_DOCUMENTATION_COMMENTS = YES;
				CLANG_WARN_EMPTY_BODY = YES;
				CLANG_WARN_ENUM_CONVERSION = YES;
				CLANG_WARN_INFINITE_RECURSION = YES;
				CLANG_WARN_INT_CONVERSION = YES;
				CLANG_WARN_NON_LITERAL_NULL_CONVERSION = YES;
				CLANG_WARN_OBJC_IMPLICIT_RETAIN_SELF = YES;
				CLANG_WARN_OBJC_LITERAL_CONVERSION = YES;
				CLANG_WARN_OBJC_ROOT_CLASS = YES_ERROR;
				CLANG_WARN_QUOTED_INCLUDE_IN_FRAMEWORK_HEADER = YES;
				CLANG_WARN_RANGE_LOOP_ANALYSIS = YES;
				CLANG_WARN_STRICT_PROTOTYPES = YES;
				CLANG_WARN_SUSPICIOUS_MOVE = YES;
				CLANG_WARN_UNGUARDED_AVAILABILITY = YES_AGGRESSIVE;
				CLANG_WARN_UNREACHABLE_CODE = YES;
				CLANG_WARN__DUPLICATE_METHOD_MATCH = YES;
				COPY_PHASE_STRIP = NO;
				DEBUG_INFORMATION_FORMAT = "dwarf-with-dsym";
				ENABLE_NS_ASSERTIONS = NO;
				ENABLE_STRICT_OBJC_MSGSEND = YES;
				ENABLE_USER_SCRIPT_SANDBOXING = YES;
				GCC_C_LANGUAGE_STANDARD = gnu17;
				GCC_NO_COMMON_BLOCKS = YES;
				GCC_WARN_64_TO_32_BIT_CONVERSION = YES;
				GCC_WARN_ABOUT_RETURN_TYPE = YES_ERROR;
				GCC_WARN_UNDECLARED_SELECTOR = YES;
				GCC_WARN_UNINITIALIZED_AUTOS = YES_AGGRESSIVE;
				GCC_WARN_UNUSED_FUNCTION = YES;
				GCC_WARN_UNUSED_VARIABLE = YES;
				IPHONEOS_DEPLOYMENT_TARGET = 18.2;
				LOCALIZATION_PREFERS_STRING_CATALOGS = YES;
				MTL_ENABLE_DEBUG_INFO = NO;
				MTL_FAST_MATH = YES;
				SDKROOT = iphoneos;
				SWIFT_COMPILATION_MODE = wholemodule;
				VALIDATE_PRODUCT = YES;
			};
			name = Release;
		};
		808F393D2DB9E9100019B6F6 /* Debug */ = {
			isa = XCBuildConfiguration;
			buildSettings = {
				ASSETCATALOG_COMPILER_APPICON_NAME = AppIcon;
				ASSETCATALOG_COMPILER_GLOBAL_ACCENT_COLOR_NAME = AccentColor;
				CODE_SIGN_STYLE = Automatic;
				CURRENT_PROJECT_VERSION = 1;
				DEVELOPMENT_ASSET_PATHS = "\"VisualAppClipDemo/Preview Content\"";
				DEVELOPMENT_TEAM = Z8PS8WLYZ6;
				ENABLE_PREVIEWS = YES;
				GENERATE_INFOPLIST_FILE = YES;
				INFOPLIST_KEY_UIApplicationSceneManifest_Generation = YES;
				INFOPLIST_KEY_UIApplicationSupportsIndirectInputEvents = YES;
				INFOPLIST_KEY_UILaunchScreen_Generation = YES;
				INFOPLIST_KEY_UISupportedInterfaceOrientations_iPad = "UIInterfaceOrientationPortrait UIInterfaceOrientationPortraitUpsideDown UIInterfaceOrientationLandscapeLeft UIInterfaceOrientationLandscapeRight";
				INFOPLIST_KEY_UISupportedInterfaceOrientations_iPhone = "UIInterfaceOrientationPortrait UIInterfaceOrientationLandscapeLeft UIInterfaceOrientationLandscapeRight";
				LD_RUNPATH_SEARCH_PATHS = (
					"$(inherited)",
					"@executable_path/Frameworks",
				);
				MARKETING_VERSION = 1.0;
				PRODUCT_BUNDLE_IDENTIFIER = com.kaushikmanian.VisualAppClipDemo;
				PRODUCT_NAME = "$(TARGET_NAME)";
				SWIFT_EMIT_LOC_STRINGS = YES;
				SWIFT_VERSION = 5.0;
				TARGETED_DEVICE_FAMILY = "1,2";
			};
			name = Debug;
		};
		808F393E2DB9E9100019B6F6 /* Release */ = {
			isa = XCBuildConfiguration;
			buildSettings = {
				ASSETCATALOG_COMPILER_APPICON_NAME = AppIcon;
				ASSETCATALOG_COMPILER_GLOBAL_ACCENT_COLOR_NAME = AccentColor;
				CODE_SIGN_STYLE = Automatic;
				CURRENT_PROJECT_VERSION = 1;
				DEVELOPMENT_ASSET_PATHS = "\"VisualAppClipDemo/Preview Content\"";
				DEVELOPMENT_TEAM = Z8PS8WLYZ6;
				ENABLE_PREVIEWS = YES;
				GENERATE_INFOPLIST_FILE = YES;
				INFOPLIST_KEY_UIApplicationSceneManifest_Generation = YES;
				INFOPLIST_KEY_UIApplicationSupportsIndirectInputEvents = YES;
				INFOPLIST_KEY_UILaunchScreen_Generation = YES;
				INFOPLIST_KEY_UISupportedInterfaceOrientations_iPad = "UIInterfaceOrientationPortrait UIInterfaceOrientationPortraitUpsideDown UIInterfaceOrientationLandscapeLeft UIInterfaceOrientationLandscapeRight";
				INFOPLIST_KEY_UISupportedInterfaceOrientations_iPhone = "UIInterfaceOrientationPortrait UIInterfaceOrientationLandscapeLeft UIInterfaceOrientationLandscapeRight";
				LD_RUNPATH_SEARCH_PATHS = (
					"$(inherited)",
					"@executable_path/Frameworks",
				);
				MARKETING_VERSION = 1.0;
				PRODUCT_BUNDLE_IDENTIFIER = com.kaushikmanian.VisualAppClipDemo;
				PRODUCT_NAME = "$(TARGET_NAME)";
				SWIFT_EMIT_LOC_STRINGS = YES;
				SWIFT_VERSION = 5.0;
				TARGETED_DEVICE_FAMILY = "1,2";
			};
			name = Release;
		};
		808F39402DB9E9100019B6F6 /* Debug */ = {
			isa = XCBuildConfiguration;
			buildSettings = {
				BUNDLE_LOADER = "$(TEST_HOST)";
				CODE_SIGN_STYLE = Automatic;
				CURRENT_PROJECT_VERSION = 1;
				DEVELOPMENT_TEAM = Z8PS8WLYZ6;
				GENERATE_INFOPLIST_FILE = YES;
				IPHONEOS_DEPLOYMENT_TARGET = 18.2;
				MARKETING_VERSION = 1.0;
				PRODUCT_BUNDLE_IDENTIFIER = com.kaushikmanian.VisualAppClipDemoTests;
				PRODUCT_NAME = "$(TARGET_NAME)";
				SWIFT_EMIT_LOC_STRINGS = NO;
				SWIFT_VERSION = 5.0;
				TARGETED_DEVICE_FAMILY = "1,2";
				TEST_HOST = "$(BUILT_PRODUCTS_DIR)/VisualAppClipDemo.app/$(BUNDLE_EXECUTABLE_FOLDER_PATH)/VisualAppClipDemo";
			};
			name = Debug;
		};
		808F39412DB9E9100019B6F6 /* Release */ = {
			isa = XCBuildConfiguration;
			buildSettings = {
				BUNDLE_LOADER = "$(TEST_HOST)";
				CODE_SIGN_STYLE = Automatic;
				CURRENT_PROJECT_VERSION = 1;
				DEVELOPMENT_TEAM = Z8PS8WLYZ6;
				GENERATE_INFOPLIST_FILE = YES;
				IPHONEOS_DEPLOYMENT_TARGET = 18.2;
				MARKETING_VERSION = 1.0;
				PRODUCT_BUNDLE_IDENTIFIER = com.kaushikmanian.VisualAppClipDemoTests;
				PRODUCT_NAME = "$(TARGET_NAME)";
				SWIFT_EMIT_LOC_STRINGS = NO;
				SWIFT_VERSION = 5.0;
				TARGETED_DEVICE_FAMILY = "1,2";
				TEST_HOST = "$(BUILT_PRODUCTS_DIR)/VisualAppClipDemo.app/$(BUNDLE_EXECUTABLE_FOLDER_PATH)/VisualAppClipDemo";
			};
			name = Release;
		};
		808F39432DB9E9100019B6F6 /* Debug */ = {
			isa = XCBuildConfiguration;
			buildSettings = {
				CODE_SIGN_STYLE = Automatic;
				CURRENT_PROJECT_VERSION = 1;
				DEVELOPMENT_TEAM = Z8PS8WLYZ6;
				GENERATE_INFOPLIST_FILE = YES;
				MARKETING_VERSION = 1.0;
				PRODUCT_BUNDLE_IDENTIFIER = com.kaushikmanian.VisualAppClipDemoUITests;
				PRODUCT_NAME = "$(TARGET_NAME)";
				SWIFT_EMIT_LOC_STRINGS = NO;
				SWIFT_VERSION = 5.0;
				TARGETED_DEVICE_FAMILY = "1,2";
				TEST_TARGET_NAME = VisualAppClipDemo;
			};
			name = Debug;
		};
		808F39442DB9E9100019B6F6 /* Release */ = {
			isa = XCBuildConfiguration;
			buildSettings = {
				CODE_SIGN_STYLE = Automatic;
				CURRENT_PROJECT_VERSION = 1;
				DEVELOPMENT_TEAM = Z8PS8WLYZ6;
				GENERATE_INFOPLIST_FILE = YES;
				MARKETING_VERSION = 1.0;
				PRODUCT_BUNDLE_IDENTIFIER = com.kaushikmanian.VisualAppClipDemoUITests;
				PRODUCT_NAME = "$(TARGET_NAME)";
				SWIFT_EMIT_LOC_STRINGS = NO;
				SWIFT_VERSION = 5.0;
				TARGETED_DEVICE_FAMILY = "1,2";
				TEST_TARGET_NAME = VisualAppClipDemo;
			};
			name = Release;
		};
/* End XCBuildConfiguration section */

/* Begin XCConfigurationList section */
		808F39112DB9E90F0019B6F6 /* Build configuration list for PBXProject "VisualAppClipDemo" */ = {
			isa = XCConfigurationList;
			buildConfigurations = (
				808F393A2DB9E9100019B6F6 /* Debug */,
				808F393B2DB9E9100019B6F6 /* Release */,
			);
			defaultConfigurationIsVisible = 0;
			defaultConfigurationName = Release;
		};
		808F393C2DB9E9100019B6F6 /* Build configuration list for PBXNativeTarget "VisualAppClipDemo" */ = {
			isa = XCConfigurationList;
			buildConfigurations = (
				808F393D2DB9E9100019B6F6 /* Debug */,
				808F393E2DB9E9100019B6F6 /* Release */,
			);
			defaultConfigurationIsVisible = 0;
			defaultConfigurationName = Release;
		};
		808F393F2DB9E9100019B6F6 /* Build configuration list for PBXNativeTarget "VisualAppClipDemoTests" */ = {
			isa = XCConfigurationList;
			buildConfigurations = (
				808F39402DB9E9100019B6F6 /* Debug */,
				808F39412DB9E9100019B6F6 /* Release */,
			);
			defaultConfigurationIsVisible = 0;
			defaultConfigurationName = Release;
		};
		808F39422DB9E9100019B6F6 /* Build configuration list for PBXNativeTarget "VisualAppClipDemoUITests" */ = {
			isa = XCConfigurationList;
			buildConfigurations = (
				808F39432DB9E9100019B6F6 /* Debug */,
				808F39442DB9E9100019B6F6 /* Release */,
			);
			defaultConfigurationIsVisible = 0;
			defaultConfigurationName = Release;
		};
/* End XCConfigurationList section */
	};
	rootObject = 808F390E2DB9E90F0019B6F6 /* Project object */;
}
