// !$*UTF8*$!
{
	archiveVersion = 1;
	classes = {
	};
	objectVersion = 77;
	objects = {

/* Begin PBXContainerItemProxy section */
		807AFA1A2DDC1E7D0058553B /* PBXContainerItemProxy */ = {
			isa = PBXContainerItemProxy;
			containerPortal = 807AF9FF2DDC1E7C0058553B /* Project object */;
			proxyType = 1;
			remoteGlobalIDString = 807AFA062DDC1E7C0058553B;
			remoteInfo = "Visionkit Demo";
		};
		807AFA242DDC1E7D0058553B /* PBXContainerItemProxy */ = {
			isa = PBXContainerItemProxy;
			containerPortal = 807AF9FF2DDC1E7C0058553B /* Project object */;
			proxyType = 1;
			remoteGlobalIDString = 807AFA062DDC1E7C0058553B;
			remoteInfo = "Visionkit Demo";
		};
/* End PBXContainerItemProxy section */

/* Begin PBXFileReference section */
		807AFA072DDC1E7C0058553B /* Visionkit Demo.app */ = {isa = PBXFileReference; explicitFileType = wrapper.application; includeInIndex = 0; path = "Visionkit Demo.app"; sourceTree = BUILT_PRODUCTS_DIR; };
		807AFA192DDC1E7D0058553B /* Visionkit DemoTests.xctest */ = {isa = PBXFileReference; explicitFileType = wrapper.cfbundle; includeInIndex = 0; path = "Visionkit DemoTests.xctest"; sourceTree = BUILT_PRODUCTS_DIR; };
		807AFA232DDC1E7D0058553B /* Visionkit DemoUITests.xctest */ = {isa = PBXFileReference; explicitFileType = wrapper.cfbundle; includeInIndex = 0; path = "Visionkit DemoUITests.xctest"; sourceTree = BUILT_PRODUCTS_DIR; };
/* End PBXFileReference section */

/* Begin PBXFileSystemSynchronizedRootGroup section */
		807AFA092DDC1E7C0058553B /* Visionkit Demo */ = {
			isa = PBXFileSystemSynchronizedRootGroup;
			path = "Visionkit Demo";
			sourceTree = "<group>";
		};
		807AFA1C2DDC1E7D0058553B /* Visionkit DemoTests */ = {
			isa = PBXFileSystemSynchronizedRootGroup;
			path = "Visionkit DemoTests";
			sourceTree = "<group>";
		};
		807AFA262DDC1E7D0058553B /* Visionkit DemoUITests */ = {
			isa = PBXFileSystemSynchronizedRootGroup;
			path = "Visionkit DemoUITests";
			sourceTree = "<group>";
		};
/* End PBXFileSystemSynchronizedRootGroup section */

/* Begin PBXFrameworksBuildPhase section */
		807AFA042DDC1E7C0058553B /* Frameworks */ = {
			isa = PBXFrameworksBuildPhase;
			buildActionMask = 2147483647;
			files = (
			);
			runOnlyForDeploymentPostprocessing = 0;
		};
		807AFA162DDC1E7D0058553B /* Frameworks */ = {
			isa = PBXFrameworksBuildPhase;
			buildActionMask = 2147483647;
			files = (
			);
			runOnlyForDeploymentPostprocessing = 0;
		};
		807AFA202DDC1E7D0058553B /* Frameworks */ = {
			isa = PBXFrameworksBuildPhase;
			buildActionMask = 2147483647;
			files = (
			);
			runOnlyForDeploymentPostprocessing = 0;
		};
/* End PBXFrameworksBuildPhase section */

/* Begin PBXGroup section */
		807AF9FE2DDC1E7C0058553B = {
			isa = PBXGroup;
			children = (
				807AFA092DDC1E7C0058553B /* Visionkit Demo */,
				807AFA1C2DDC1E7D0058553B /* Visionkit DemoTests */,
				807AFA262DDC1E7D0058553B /* Visionkit DemoUITests */,
				807AFA082DDC1E7C0058553B /* Products */,
			);
			sourceTree = "<group>";
		};
		807AFA082DDC1E7C0058553B /* Products */ = {
			isa = PBXGroup;
			children = (
				807AFA072DDC1E7C0058553B /* Visionkit Demo.app */,
				807AFA192DDC1E7D0058553B /* Visionkit DemoTests.xctest */,
				807AFA232DDC1E7D0058553B /* Visionkit DemoUITests.xctest */,
			);
			name = Products;
			sourceTree = "<group>";
		};
/* End PBXGroup section */

/* Begin PBXNativeTarget section */
		807AFA062DDC1E7C0058553B /* Visionkit Demo */ = {
			isa = PBXNativeTarget;
			buildConfigurationList = 807AFA2D2DDC1E7D0058553B /* Build configuration list for PBXNativeTarget "Visionkit Demo" */;
			buildPhases = (
				807AFA032DDC1E7C0058553B /* Sources */,
				807AFA042DDC1E7C0058553B /* Frameworks */,
				807AFA052DDC1E7C0058553B /* Resources */,
			);
			buildRules = (
			);
			dependencies = (
			);
			fileSystemSynchronizedGroups = (
				807AFA092DDC1E7C0058553B /* Visionkit Demo */,
			);
			name = "Visionkit Demo";
			packageProductDependencies = (
			);
			productName = "Visionkit Demo";
			productReference = 807AFA072DDC1E7C0058553B /* Visionkit Demo.app */;
			productType = "com.apple.product-type.application";
		};
		807AFA182DDC1E7D0058553B /* Visionkit DemoTests */ = {
			isa = PBXNativeTarget;
			buildConfigurationList = 807AFA302DDC1E7D0058553B /* Build configuration list for PBXNativeTarget "Visionkit DemoTests" */;
			buildPhases = (
				807AFA152DDC1E7D0058553B /* Sources */,
				807AFA162DDC1E7D0058553B /* Frameworks */,
				807AFA172DDC1E7D0058553B /* Resources */,
			);
			buildRules = (
			);
			dependencies = (
				807AFA1B2DDC1E7D0058553B /* PBXTargetDependency */,
			);
			fileSystemSynchronizedGroups = (
				807AFA1C2DDC1E7D0058553B /* Visionkit DemoTests */,
			);
			name = "Visionkit DemoTests";
			packageProductDependencies = (
			);
			productName = "Visionkit DemoTests";
			productReference = 807AFA192DDC1E7D0058553B /* Visionkit DemoTests.xctest */;
			productType = "com.apple.product-type.bundle.unit-test";
		};
		807AFA222DDC1E7D0058553B /* Visionkit DemoUITests */ = {
			isa = PBXNativeTarget;
			buildConfigurationList = 807AFA332DDC1E7D0058553B /* Build configuration list for PBXNativeTarget "Visionkit DemoUITests" */;
			buildPhases = (
				807AFA1F2DDC1E7D0058553B /* Sources */,
				807AFA202DDC1E7D0058553B /* Frameworks */,
				807AFA212DDC1E7D0058553B /* Resources */,
			);
			buildRules = (
			);
			dependencies = (
				807AFA252DDC1E7D0058553B /* PBXTargetDependency */,
			);
			fileSystemSynchronizedGroups = (
				807AFA262DDC1E7D0058553B /* Visionkit DemoUITests */,
			);
			name = "Visionkit DemoUITests";
			packageProductDependencies = (
			);
			productName = "Visionkit DemoUITests";
			productReference = 807AFA232DDC1E7D0058553B /* Visionkit DemoUITests.xctest */;
			productType = "com.apple.product-type.bundle.ui-testing";
		};
/* End PBXNativeTarget section */

/* Begin PBXProject section */
		807AF9FF2DDC1E7C0058553B /* Project object */ = {
			isa = PBXProject;
			attributes = {
				BuildIndependentTargetsInParallel = 1;
				LastSwiftUpdateCheck = 1620;
				LastUpgradeCheck = 1620;
				TargetAttributes = {
					807AFA062DDC1E7C0058553B = {
						CreatedOnToolsVersion = 16.2;
					};
					807AFA182DDC1E7D0058553B = {
						CreatedOnToolsVersion = 16.2;
						TestTargetID = 807AFA062DDC1E7C0058553B;
					};
					807AFA222DDC1E7D0058553B = {
						CreatedOnToolsVersion = 16.2;
						TestTargetID = 807AFA062DDC1E7C0058553B;
					};
				};
			};
			buildConfigurationList = 807AFA022DDC1E7C0058553B /* Build configuration list for PBXProject "Visionkit Demo" */;
			developmentRegion = en;
			hasScannedForEncodings = 0;
			knownRegions = (
				en,
				Base,
			);
			mainGroup = 807AF9FE2DDC1E7C0058553B;
			minimizedProjectReferenceProxies = 1;
			preferredProjectObjectVersion = 77;
			productRefGroup = 807AFA082DDC1E7C0058553B /* Products */;
			projectDirPath = "";
			projectRoot = "";
			targets = (
				807AFA062DDC1E7C0058553B /* Visionkit Demo */,
				807AFA182DDC1E7D0058553B /* Visionkit DemoTests */,
				807AFA222DDC1E7D0058553B /* Visionkit DemoUITests */,
			);
		};
/* End PBXProject section */

/* Begin PBXResourcesBuildPhase section */
		807AFA052DDC1E7C0058553B /* Resources */ = {
			isa = PBXResourcesBuildPhase;
			buildActionMask = 2147483647;
			files = (
			);
			runOnlyForDeploymentPostprocessing = 0;
		};
		807AFA172DDC1E7D0058553B /* Resources */ = {
			isa = PBXResourcesBuildPhase;
			buildActionMask = 2147483647;
			files = (
			);
			runOnlyForDeploymentPostprocessing = 0;
		};
		807AFA212DDC1E7D0058553B /* Resources */ = {
			isa = PBXResourcesBuildPhase;
			buildActionMask = 2147483647;
			files = (
			);
			runOnlyForDeploymentPostprocessing = 0;
		};
/* End PBXResourcesBuildPhase section */

/* Begin PBXSourcesBuildPhase section */
		807AFA032DDC1E7C0058553B /* Sources */ = {
			isa = PBXSourcesBuildPhase;
			buildActionMask = 2147483647;
			files = (
			);
			runOnlyForDeploymentPostprocessing = 0;
		};
		807AFA152DDC1E7D0058553B /* Sources */ = {
			isa = PBXSourcesBuildPhase;
			buildActionMask = 2147483647;
			files = (
			);
			runOnlyForDeploymentPostprocessing = 0;
		};
		807AFA1F2DDC1E7D0058553B /* Sources */ = {
			isa = PBXSourcesBuildPhase;
			buildActionMask = 2147483647;
			files = (
			);
			runOnlyForDeploymentPostprocessing = 0;
		};
/* End PBXSourcesBuildPhase section */

/* Begin PBXTargetDependency section */
		807AFA1B2DDC1E7D0058553B /* PBXTargetDependency */ = {
			isa = PBXTargetDependency;
			target = 807AFA062DDC1E7C0058553B /* Visionkit Demo */;
			targetProxy = 807AFA1A2DDC1E7D0058553B /* PBXContainerItemProxy */;
		};
		807AFA252DDC1E7D0058553B /* PBXTargetDependency */ = {
			isa = PBXTargetDependency;
			target = 807AFA062DDC1E7C0058553B /* Visionkit Demo */;
			targetProxy = 807AFA242DDC1E7D0058553B /* PBXContainerItemProxy */;
		};
/* End PBXTargetDependency section */

/* Begin XCBuildConfiguration section */
		807AFA2B2DDC1E7D0058553B /* Debug */ = {
			isa = XCBuildConfiguration;
			buildSettings = {
				ALWAYS_SEARCH_USER_PATHS = NO;
				ASSETCATALOG_COMPILER_GENERATE_SWIFT_ASSET_SYMBOL_EXTENSIONS = YES;
				CLANG_ANALYZER_NONNULL = YES;
				CLANG_ANALYZER_NUMBER_OBJECT_CONVERSION = YES_AGGRESSIVE;
				CLANG_CXX_LANGUAGE_STANDARD = "gnu++20";
				CLANG_ENABLE_MODULES = YES;
				CLANG_ENABLE_OBJC_ARC = YES;
				CLANG_ENABLE_OBJC_WEAK = YES;
				CLANG_WARN_BLOCK_CAPTURE_AUTORELEASING = YES;
				CLANG_WARN_BOOL_CONVERSION = YES;
				CLANG_WARN_COMMA = YES;
				CLANG_WARN_CONSTANT_CONVERSION = YES;
				CLANG_WARN_DEPRECATED_OBJC_IMPLEMENTATIONS = YES;
				CLANG_WARN_DIRECT_OBJC_ISA_USAGE = YES_ERROR;
				CLANG_WARN_DOCUMENTATION_COMMENTS = YES;
				CLANG_WARN_EMPTY_BODY = YES;
				CLANG_WARN_ENUM_CONVERSION = YES;
				CLANG_WARN_INFINITE_RECURSION = YES;
				CLANG_WARN_INT_CONVERSION = YES;
				CLANG_WARN_NON_LITERAL_NULL_CONVERSION = YES;
				CLANG_WARN_OBJC_IMPLICIT_RETAIN_SELF = YES;
				CLANG_WARN_OBJC_LITERAL_CONVERSION = YES;
				CLANG_WARN_OBJC_ROOT_CLASS = YES_ERROR;
				CLANG_WARN_QUOTED_INCLUDE_IN_FRAMEWORK_HEADER = YES;
				CLANG_WARN_RANGE_LOOP_ANALYSIS = YES;
				CLANG_WARN_STRICT_PROTOTYPES = YES;
				CLANG_WARN_SUSPICIOUS_MOVE = YES;
				CLANG_WARN_UNGUARDED_AVAILABILITY = YES_AGGRESSIVE;
				CLANG_WARN_UNREACHABLE_CODE = YES;
				CLANG_WARN__DUPLICATE_METHOD_MATCH = YES;
				COPY_PHASE_STRIP = NO;
				DEBUG_INFORMATION_FORMAT = dwarf;
				ENABLE_STRICT_OBJC_MSGSEND = YES;
				ENABLE_TESTABILITY = YES;
				ENABLE_USER_SCRIPT_SANDBOXING = YES;
				GCC_C_LANGUAGE_STANDARD = gnu17;
				GCC_DYNAMIC_NO_PIC = NO;
				GCC_NO_COMMON_BLOCKS = YES;
				GCC_OPTIMIZATION_LEVEL = 0;
				GCC_PREPROCESSOR_DEFINITIONS = (
					"DEBUG=1",
					"$(inherited)",
				);
				GCC_WARN_64_TO_32_BIT_CONVERSION = YES;
				GCC_WARN_ABOUT_RETURN_TYPE = YES_ERROR;
				GCC_WARN_UNDECLARED_SELECTOR = YES;
				GCC_WARN_UNINITIALIZED_AUTOS = YES_AGGRESSIVE;
				GCC_WARN_UNUSED_FUNCTION = YES;
				GCC_WARN_UNUSED_VARIABLE = YES;
				IPHONEOS_DEPLOYMENT_TARGET = 18.2;
				LOCALIZATION_PREFERS_STRING_CATALOGS = YES;
				MTL_ENABLE_DEBUG_INFO = INCLUDE_SOURCE;
				MTL_FAST_MATH = YES;
				ONLY_ACTIVE_ARCH = YES;
				SDKROOT = iphoneos;
				SWIFT_ACTIVE_COMPILATION_CONDITIONS = "DEBUG $(inherited)";
				SWIFT_OPTIMIZATION_LEVEL = "-Onone";
			};
			name = Debug;
		};
		807AFA2C2DDC1E7D0058553B /* Release */ = {
			isa = XCBuildConfiguration;
			buildSettings = {
				ALWAYS_SEARCH_USER_PATHS = NO;
				ASSETCATALOG_COMPILER_GENERATE_SWIFT_ASSET_SYMBOL_EXTENSIONS = YES;
				CLANG_ANALYZER_NONNULL = YES;
				CLANG_ANALYZER_NUMBER_OBJECT_CONVERSION = YES_AGGRESSIVE;
				CLANG_CXX_LANGUAGE_STANDARD = "gnu++20";
				CLANG_ENABLE_MODULES = YES;
				CLANG_ENABLE_OBJC_ARC = YES;
				CLANG_ENABLE_OBJC_WEAK = YES;
				CLANG_WARN_BLOCK_CAPTURE_AUTORELEASING = YES;
				CLANG_WARN_BOOL_CONVERSION = YES;
				CLANG_WARN_COMMA = YES;
				CLANG_WARN_CONSTANT_CONVERSION = YES;
				CLANG_WARN_DEPRECATED_OBJC_IMPLEMENTATIONS = YES;
				CLANG_WARN_DIRECT_OBJC_ISA_USAGE = YES_ERROR;
				CLANG_WARN_DOCUMENTATION_COMMENTS = YES;
				CLANG_WARN_EMPTY_BODY = YES;
				CLANG_WARN_ENUM_CONVERSION = YES;
				CLANG_WARN_INFINITE_RECURSION = YES;
				CLANG_WARN_INT_CONVERSION = YES;
				CLANG_WARN_NON_LITERAL_NULL_CONVERSION = YES;
				CLANG_WARN_OBJC_IMPLICIT_RETAIN_SELF = YES;
				CLANG_WARN_OBJC_LITERAL_CONVERSION = YES;
				CLANG_WARN_OBJC_ROOT_CLASS = YES_ERROR;
				CLANG_WARN_QUOTED_INCLUDE_IN_FRAMEWORK_HEADER = YES;
				CLANG_WARN_RANGE_LOOP_ANALYSIS = YES;
				CLANG_WARN_STRICT_PROTOTYPES = YES;
				CLANG_WARN_SUSPICIOUS_MOVE = YES;
				CLANG_WARN_UNGUARDED_AVAILABILITY = YES_AGGRESSIVE;
				CLANG_WARN_UNREACHABLE_CODE = YES;
				CLANG_WARN__DUPLICATE_METHOD_MATCH = YES;
				COPY_PHASE_STRIP = NO;
				DEBUG_INFORMATION_FORMAT = "dwarf-with-dsym";
				ENABLE_NS_ASSERTIONS = NO;
				ENABLE_STRICT_OBJC_MSGSEND = YES;
				ENABLE_USER_SCRIPT_SANDBOXING = YES;
				GCC_C_LANGUAGE_STANDARD = gnu17;
				GCC_NO_COMMON_BLOCKS = YES;
				GCC_WARN_64_TO_32_BIT_CONVERSION = YES;
				GCC_WARN_ABOUT_RETURN_TYPE = YES_ERROR;
				GCC_WARN_UNDECLARED_SELECTOR = YES;
				GCC_WARN_UNINITIALIZED_AUTOS = YES_AGGRESSIVE;
				GCC_WARN_UNUSED_FUNCTION = YES;
				GCC_WARN_UNUSED_VARIABLE = YES;
				IPHONEOS_DEPLOYMENT_TARGET = 18.2;
				LOCALIZATION_PREFERS_STRING_CATALOGS = YES;
				MTL_ENABLE_DEBUG_INFO = NO;
				MTL_FAST_MATH = YES;
				SDKROOT = iphoneos;
				SWIFT_COMPILATION_MODE = wholemodule;
				VALIDATE_PRODUCT = YES;
			};
			name = Release;
		};
		807AFA2E2DDC1E7D0058553B /* Debug */ = {
			isa = XCBuildConfiguration;
			buildSettings = {
				ASSETCATALOG_COMPILER_APPICON_NAME = AppIcon;
				ASSETCATALOG_COMPILER_GLOBAL_ACCENT_COLOR_NAME = AccentColor;
				CODE_SIGN_STYLE = Automatic;
				CURRENT_PROJECT_VERSION = 1;
				DEVELOPMENT_ASSET_PATHS = "\"Visionkit Demo/Preview Content\"";
				DEVELOPMENT_TEAM = Z8PS8WLYZ6;
				ENABLE_PREVIEWS = YES;
				GENERATE_INFOPLIST_FILE = YES;
				INFOPLIST_KEY_UIApplicationSceneManifest_Generation = YES;
				INFOPLIST_KEY_UIApplicationSupportsIndirectInputEvents = YES;
				INFOPLIST_KEY_UILaunchScreen_Generation = YES;
				INFOPLIST_KEY_UISupportedInterfaceOrientations_iPad = "UIInterfaceOrientationPortrait UIInterfaceOrientationPortraitUpsideDown UIInterfaceOrientationLandscapeLeft UIInterfaceOrientationLandscapeRight";
				INFOPLIST_KEY_UISupportedInterfaceOrientations_iPhone = "UIInterfaceOrientationPortrait UIInterfaceOrientationLandscapeLeft UIInterfaceOrientationLandscapeRight";
				LD_RUNPATH_SEARCH_PATHS = (
					"$(inherited)",
					"@executable_path/Frameworks",
				);
				MARKETING_VERSION = 1.0;
				PRODUCT_BUNDLE_IDENTIFIER = "com.kaushikmanian.Visionkit-Demo";
				PRODUCT_NAME = "$(TARGET_NAME)";
				SWIFT_EMIT_LOC_STRINGS = YES;
				SWIFT_VERSION = 5.0;
				TARGETED_DEVICE_FAMILY = "1,2";
			};
			name = Debug;
		};
		807AFA2F2DDC1E7D0058553B /* Release */ = {
			isa = XCBuildConfiguration;
			buildSettings = {
				ASSETCATALOG_COMPILER_APPICON_NAME = AppIcon;
				ASSETCATALOG_COMPILER_GLOBAL_ACCENT_COLOR_NAME = AccentColor;
				CODE_SIGN_STYLE = Automatic;
				CURRENT_PROJECT_VERSION = 1;
				DEVELOPMENT_ASSET_PATHS = "\"Visionkit Demo/Preview Content\"";
				DEVELOPMENT_TEAM = Z8PS8WLYZ6;
				ENABLE_PREVIEWS = YES;
				GENERATE_INFOPLIST_FILE = YES;
				INFOPLIST_KEY_UIApplicationSceneManifest_Generation = YES;
				INFOPLIST_KEY_UIApplicationSupportsIndirectInputEvents = YES;
				INFOPLIST_KEY_UILaunchScreen_Generation = YES;
				INFOPLIST_KEY_UISupportedInterfaceOrientations_iPad = "UIInterfaceOrientationPortrait UIInterfaceOrientationPortraitUpsideDown UIInterfaceOrientationLandscapeLeft UIInterfaceOrientationLandscapeRight";
				INFOPLIST_KEY_UISupportedInterfaceOrientations_iPhone = "UIInterfaceOrientationPortrait UIInterfaceOrientationLandscapeLeft UIInterfaceOrientationLandscapeRight";
				LD_RUNPATH_SEARCH_PATHS = (
					"$(inherited)",
					"@executable_path/Frameworks",
				);
				MARKETING_VERSION = 1.0;
				PRODUCT_BUNDLE_IDENTIFIER = "com.kaushikmanian.Visionkit-Demo";
				PRODUCT_NAME = "$(TARGET_NAME)";
				SWIFT_EMIT_LOC_STRINGS = YES;
				SWIFT_VERSION = 5.0;
				TARGETED_DEVICE_FAMILY = "1,2";
			};
			name = Release;
		};
		807AFA312DDC1E7D0058553B /* Debug */ = {
			isa = XCBuildConfiguration;
			buildSettings = {
				BUNDLE_LOADER = "$(TEST_HOST)";
				CODE_SIGN_STYLE = Automatic;
				CURRENT_PROJECT_VERSION = 1;
				DEVELOPMENT_TEAM = Z8PS8WLYZ6;
				GENERATE_INFOPLIST_FILE = YES;
				IPHONEOS_DEPLOYMENT_TARGET = 18.2;
				MARKETING_VERSION = 1.0;
				PRODUCT_BUNDLE_IDENTIFIER = "com.kaushikmanian.Visionkit-DemoTests";
				PRODUCT_NAME = "$(TARGET_NAME)";
				SWIFT_EMIT_LOC_STRINGS = NO;
				SWIFT_VERSION = 5.0;
				TARGETED_DEVICE_FAMILY = "1,2";
				TEST_HOST = "$(BUILT_PRODUCTS_DIR)/Visionkit Demo.app/$(BUNDLE_EXECUTABLE_FOLDER_PATH)/Visionkit Demo";
			};
			name = Debug;
		};
		807AFA322DDC1E7D0058553B /* Release */ = {
			isa = XCBuildConfiguration;
			buildSettings = {
				BUNDLE_LOADER = "$(TEST_HOST)";
				CODE_SIGN_STYLE = Automatic;
				CURRENT_PROJECT_VERSION = 1;
				DEVELOPMENT_TEAM = Z8PS8WLYZ6;
				GENERATE_INFOPLIST_FILE = YES;
				IPHONEOS_DEPLOYMENT_TARGET = 18.2;
				MARKETING_VERSION = 1.0;
				PRODUCT_BUNDLE_IDENTIFIER = "com.kaushikmanian.Visionkit-DemoTests";
				PRODUCT_NAME = "$(TARGET_NAME)";
				SWIFT_EMIT_LOC_STRINGS = NO;
				SWIFT_VERSION = 5.0;
				TARGETED_DEVICE_FAMILY = "1,2";
				TEST_HOST = "$(BUILT_PRODUCTS_DIR)/Visionkit Demo.app/$(BUNDLE_EXECUTABLE_FOLDER_PATH)/Visionkit Demo";
			};
			name = Release;
		};
		807AFA342DDC1E7D0058553B /* Debug */ = {
			isa = XCBuildConfiguration;
			buildSettings = {
				CODE_SIGN_STYLE = Automatic;
				CURRENT_PROJECT_VERSION = 1;
				DEVELOPMENT_TEAM = Z8PS8WLYZ6;
				GENERATE_INFOPLIST_FILE = YES;
				MARKETING_VERSION = 1.0;
				PRODUCT_BUNDLE_IDENTIFIER = "com.kaushikmanian.Visionkit-DemoUITests";
				PRODUCT_NAME = "$(TARGET_NAME)";
				SWIFT_EMIT_LOC_STRINGS = NO;
				SWIFT_VERSION = 5.0;
				TARGETED_DEVICE_FAMILY = "1,2";
				TEST_TARGET_NAME = "Visionkit Demo";
			};
			name = Debug;
		};
		807AFA352DDC1E7D0058553B /* Release */ = {
			isa = XCBuildConfiguration;
			buildSettings = {
				CODE_SIGN_STYLE = Automatic;
				CURRENT_PROJECT_VERSION = 1;
				DEVELOPMENT_TEAM = Z8PS8WLYZ6;
				GENERATE_INFOPLIST_FILE = YES;
				MARKETING_VERSION = 1.0;
				PRODUCT_BUNDLE_IDENTIFIER = "com.kaushikmanian.Visionkit-DemoUITests";
				PRODUCT_NAME = "$(TARGET_NAME)";
				SWIFT_EMIT_LOC_STRINGS = NO;
				SWIFT_VERSION = 5.0;
				TARGETED_DEVICE_FAMILY = "1,2";
				TEST_TARGET_NAME = "Visionkit Demo";
			};
			name = Release;
		};
/* End XCBuildConfiguration section */

/* Begin XCConfigurationList section */
		807AFA022DDC1E7C0058553B /* Build configuration list for PBXProject "Visionkit Demo" */ = {
			isa = XCConfigurationList;
			buildConfigurations = (
				807AFA2B2DDC1E7D0058553B /* Debug */,
				807AFA2C2DDC1E7D0058553B /* Release */,
			);
			defaultConfigurationIsVisible = 0;
			defaultConfigurationName = Release;
		};
		807AFA2D2DDC1E7D0058553B /* Build configuration list for PBXNativeTarget "Visionkit Demo" */ = {
			isa = XCConfigurationList;
			buildConfigurations = (
				807AFA2E2DDC1E7D0058553B /* Debug */,
				807AFA2F2DDC1E7D0058553B /* Release */,
			);
			defaultConfigurationIsVisible = 0;
			defaultConfigurationName = Release;
		};
		807AFA302DDC1E7D0058553B /* Build configuration list for PBXNativeTarget "Visionkit DemoTests" */ = {
			isa = XCConfigurationList;
			buildConfigurations = (
				807AFA312DDC1E7D0058553B /* Debug */,
				807AFA322DDC1E7D0058553B /* Release */,
			);
			defaultConfigurationIsVisible = 0;
			defaultConfigurationName = Release;
		};
		807AFA332DDC1E7D0058553B /* Build configuration list for PBXNativeTarget "Visionkit DemoUITests" */ = {
			isa = XCConfigurationList;
			buildConfigurations = (
				807AFA342DDC1E7D0058553B /* Debug */,
				807AFA352DDC1E7D0058553B /* Release */,
			);
			defaultConfigurationIsVisible = 0;
			defaultConfigurationName = Release;
		};
/* End XCConfigurationList section */
	};
	rootObject = 807AF9FF2DDC1E7C0058553B /* Project object */;
}
