// !$*UTF8*$!
{
	archiveVersion = 1;
	classes = {
	};
	objectVersion = 77;
	objects = {

/* Begin PBXBuildFile section */
		808F3AB02DBA2D870019B6F6 /* WidgetKit.framework in Frameworks */ = {isa = PBXBuildFile; fileRef = 808F3AAF2DBA2D870019B6F6 /* WidgetKit.framework */; };
		808F3AB22DBA2D870019B6F6 /* SwiftUI.framework in Frameworks */ = {isa = PBXBuildFile; fileRef = 808F3AB12DBA2D870019B6F6 /* SwiftUI.framework */; };
		808F3ABF2DBA2D880019B6F6 /* WidgetKitExplorationWidgetExtension.appex in Embed Foundation Extensions */ = {isa = PBXBuildFile; fileRef = 808F3AAD2DBA2D870019B6F6 /* WidgetKitExplorationWidgetExtension.appex */; settings = {ATTRIBUTES = (RemoveHeadersOnCopy, ); }; };
/* End PBXBuildFile section */

/* Begin PBXContainerItemProxy section */
		808F3A8D2DBA2C410019B6F6 /* PBXContainerItemProxy */ = {
			isa = PBXContainerItemProxy;
			containerPortal = 808F3A722DBA2C400019B6F6 /* Project object */;
			proxyType = 1;
			remoteGlobalIDString = 808F3A792DBA2C400019B6F6;
			remoteInfo = "WidgetKit Exploration";
		};
		808F3A972DBA2C410019B6F6 /* PBXContainerItemProxy */ = {
			isa = PBXContainerItemProxy;
			containerPortal = 808F3A722DBA2C400019B6F6 /* Project object */;
			proxyType = 1;
			remoteGlobalIDString = 808F3A792DBA2C400019B6F6;
			remoteInfo = "WidgetKit Exploration";
		};
		808F3ABD2DBA2D880019B6F6 /* PBXContainerItemProxy */ = {
			isa = PBXContainerItemProxy;
			containerPortal = 808F3A722DBA2C400019B6F6 /* Project object */;
			proxyType = 1;
			remoteGlobalIDString = 808F3AAC2DBA2D870019B6F6;
			remoteInfo = WidgetKitExplorationWidgetExtension;
		};
/* End PBXContainerItemProxy section */

/* Begin PBXCopyFilesBuildPhase section */
		808F3AC42DBA2D880019B6F6 /* Embed Foundation Extensions */ = {
			isa = PBXCopyFilesBuildPhase;
			buildActionMask = 2147483647;
			dstPath = "";
			dstSubfolderSpec = 13;
			files = (
				808F3ABF2DBA2D880019B6F6 /* WidgetKitExplorationWidgetExtension.appex in Embed Foundation Extensions */,
			);
			name = "Embed Foundation Extensions";
			runOnlyForDeploymentPostprocessing = 0;
		};
/* End PBXCopyFilesBuildPhase section */

/* Begin PBXFileReference section */
		808F3A7A2DBA2C400019B6F6 /* WidgetKit Exploration.app */ = {isa = PBXFileReference; explicitFileType = wrapper.application; includeInIndex = 0; path = "WidgetKit Exploration.app"; sourceTree = BUILT_PRODUCTS_DIR; };
		808F3A8C2DBA2C410019B6F6 /* WidgetKit ExplorationTests.xctest */ = {isa = PBXFileReference; explicitFileType = wrapper.cfbundle; includeInIndex = 0; path = "WidgetKit ExplorationTests.xctest"; sourceTree = BUILT_PRODUCTS_DIR; };
		808F3A962DBA2C410019B6F6 /* WidgetKit ExplorationUITests.xctest */ = {isa = PBXFileReference; explicitFileType = wrapper.cfbundle; includeInIndex = 0; path = "WidgetKit ExplorationUITests.xctest"; sourceTree = BUILT_PRODUCTS_DIR; };
		808F3AAD2DBA2D870019B6F6 /* WidgetKitExplorationWidgetExtension.appex */ = {isa = PBXFileReference; explicitFileType = "wrapper.app-extension"; includeInIndex = 0; path = WidgetKitExplorationWidgetExtension.appex; sourceTree = BUILT_PRODUCTS_DIR; };
		808F3AAF2DBA2D870019B6F6 /* WidgetKit.framework */ = {isa = PBXFileReference; lastKnownFileType = wrapper.framework; name = WidgetKit.framework; path = System/Library/Frameworks/WidgetKit.framework; sourceTree = SDKROOT; };
		808F3AB12DBA2D870019B6F6 /* SwiftUI.framework */ = {isa = PBXFileReference; lastKnownFileType = wrapper.framework; name = SwiftUI.framework; path = System/Library/Frameworks/SwiftUI.framework; sourceTree = SDKROOT; };
		808F3AC92DBA35FF0019B6F6 /* WidgetKitExplorationWidgetExtension.entitlements */ = {isa = PBXFileReference; lastKnownFileType = text.plist.entitlements; path = WidgetKitExplorationWidgetExtension.entitlements; sourceTree = "<group>"; };
/* End PBXFileReference section */

/* Begin PBXFileSystemSynchronizedBuildFileExceptionSet section */
		808F3AC02DBA2D880019B6F6 /* Exceptions for "WidgetKitExplorationWidget" folder in "WidgetKitExplorationWidgetExtension" target */ = {
			isa = PBXFileSystemSynchronizedBuildFileExceptionSet;
			membershipExceptions = (
				Info.plist,
			);
			target = 808F3AAC2DBA2D870019B6F6 /* WidgetKitExplorationWidgetExtension */;
		};
		808F3AC82DBA2EF90019B6F6 /* Exceptions for "WidgetKitExplorationWidget" folder in "WidgetKit Exploration" target */ = {
			isa = PBXFileSystemSynchronizedBuildFileExceptionSet;
			membershipExceptions = (
				PlayDiscoveryStationIntent.swift,
			);
			target = 808F3A792DBA2C400019B6F6 /* WidgetKit Exploration */;
		};
/* End PBXFileSystemSynchronizedBuildFileExceptionSet section */

/* Begin PBXFileSystemSynchronizedRootGroup section */
		808F3A7C2DBA2C400019B6F6 /* WidgetKit Exploration */ = {
			isa = PBXFileSystemSynchronizedRootGroup;
			path = "WidgetKit Exploration";
			sourceTree = "<group>";
		};
		808F3A8F2DBA2C410019B6F6 /* WidgetKit ExplorationTests */ = {
			isa = PBXFileSystemSynchronizedRootGroup;
			path = "WidgetKit ExplorationTests";
			sourceTree = "<group>";
		};
		808F3A992DBA2C410019B6F6 /* WidgetKit ExplorationUITests */ = {
			isa = PBXFileSystemSynchronizedRootGroup;
			path = "WidgetKit ExplorationUITests";
			sourceTree = "<group>";
		};
		808F3AB32DBA2D870019B6F6 /* WidgetKitExplorationWidget */ = {
			isa = PBXFileSystemSynchronizedRootGroup;
			exceptions = (
				808F3AC82DBA2EF90019B6F6 /* Exceptions for "WidgetKitExplorationWidget" folder in "WidgetKit Exploration" target */,
				808F3AC02DBA2D880019B6F6 /* Exceptions for "WidgetKitExplorationWidget" folder in "WidgetKitExplorationWidgetExtension" target */,
			);
			path = WidgetKitExplorationWidget;
			sourceTree = "<group>";
		};
/* End PBXFileSystemSynchronizedRootGroup section */

/* Begin PBXFrameworksBuildPhase section */
		808F3A772DBA2C400019B6F6 /* Frameworks */ = {
			isa = PBXFrameworksBuildPhase;
			buildActionMask = 2147483647;
			files = (
			);
			runOnlyForDeploymentPostprocessing = 0;
		};
		808F3A892DBA2C410019B6F6 /* Frameworks */ = {
			isa = PBXFrameworksBuildPhase;
			buildActionMask = 2147483647;
			files = (
			);
			runOnlyForDeploymentPostprocessing = 0;
		};
		808F3A932DBA2C410019B6F6 /* Frameworks */ = {
			isa = PBXFrameworksBuildPhase;
			buildActionMask = 2147483647;
			files = (
			);
			runOnlyForDeploymentPostprocessing = 0;
		};
		808F3AAA2DBA2D870019B6F6 /* Frameworks */ = {
			isa = PBXFrameworksBuildPhase;
			buildActionMask = 2147483647;
			files = (
				808F3AB22DBA2D870019B6F6 /* SwiftUI.framework in Frameworks */,
				808F3AB02DBA2D870019B6F6 /* WidgetKit.framework in Frameworks */,
			);
			runOnlyForDeploymentPostprocessing = 0;
		};
/* End PBXFrameworksBuildPhase section */

/* Begin PBXGroup section */
		808F3A712DBA2C400019B6F6 = {
			isa = PBXGroup;
			children = (
				808F3AC92DBA35FF0019B6F6 /* WidgetKitExplorationWidgetExtension.entitlements */,
				808F3A7C2DBA2C400019B6F6 /* WidgetKit Exploration */,
				808F3A8F2DBA2C410019B6F6 /* WidgetKit ExplorationTests */,
				808F3A992DBA2C410019B6F6 /* WidgetKit ExplorationUITests */,
				808F3AB32DBA2D870019B6F6 /* WidgetKitExplorationWidget */,
				808F3AAE2DBA2D870019B6F6 /* Frameworks */,
				808F3A7B2DBA2C400019B6F6 /* Products */,
			);
			sourceTree = "<group>";
		};
		808F3A7B2DBA2C400019B6F6 /* Products */ = {
			isa = PBXGroup;
			children = (
				808F3A7A2DBA2C400019B6F6 /* WidgetKit Exploration.app */,
				808F3A8C2DBA2C410019B6F6 /* WidgetKit ExplorationTests.xctest */,
				808F3A962DBA2C410019B6F6 /* WidgetKit ExplorationUITests.xctest */,
				808F3AAD2DBA2D870019B6F6 /* WidgetKitExplorationWidgetExtension.appex */,
			);
			name = Products;
			sourceTree = "<group>";
		};
		808F3AAE2DBA2D870019B6F6 /* Frameworks */ = {
			isa = PBXGroup;
			children = (
				808F3AAF2DBA2D870019B6F6 /* WidgetKit.framework */,
				808F3AB12DBA2D870019B6F6 /* SwiftUI.framework */,
			);
			name = Frameworks;
			sourceTree = "<group>";
		};
/* End PBXGroup section */

/* Begin PBXNativeTarget section */
		808F3A792DBA2C400019B6F6 /* WidgetKit Exploration */ = {
			isa = PBXNativeTarget;
			buildConfigurationList = 808F3AA02DBA2C410019B6F6 /* Build configuration list for PBXNativeTarget "WidgetKit Exploration" */;
			buildPhases = (
				808F3A762DBA2C400019B6F6 /* Sources */,
				808F3A772DBA2C400019B6F6 /* Frameworks */,
				808F3A782DBA2C400019B6F6 /* Resources */,
				808F3AC42DBA2D880019B6F6 /* Embed Foundation Extensions */,
			);
			buildRules = (
			);
			dependencies = (
				808F3ABE2DBA2D880019B6F6 /* PBXTargetDependency */,
			);
			fileSystemSynchronizedGroups = (
				808F3A7C2DBA2C400019B6F6 /* WidgetKit Exploration */,
			);
			name = "WidgetKit Exploration";
			packageProductDependencies = (
			);
			productName = "WidgetKit Exploration";
			productReference = 808F3A7A2DBA2C400019B6F6 /* WidgetKit Exploration.app */;
			productType = "com.apple.product-type.application";
		};
		808F3A8B2DBA2C410019B6F6 /* WidgetKit ExplorationTests */ = {
			isa = PBXNativeTarget;
			buildConfigurationList = 808F3AA32DBA2C410019B6F6 /* Build configuration list for PBXNativeTarget "WidgetKit ExplorationTests" */;
			buildPhases = (
				808F3A882DBA2C410019B6F6 /* Sources */,
				808F3A892DBA2C410019B6F6 /* Frameworks */,
				808F3A8A2DBA2C410019B6F6 /* Resources */,
			);
			buildRules = (
			);
			dependencies = (
				808F3A8E2DBA2C410019B6F6 /* PBXTargetDependency */,
			);
			fileSystemSynchronizedGroups = (
				808F3A8F2DBA2C410019B6F6 /* WidgetKit ExplorationTests */,
			);
			name = "WidgetKit ExplorationTests";
			packageProductDependencies = (
			);
			productName = "WidgetKit ExplorationTests";
			productReference = 808F3A8C2DBA2C410019B6F6 /* WidgetKit ExplorationTests.xctest */;
			productType = "com.apple.product-type.bundle.unit-test";
		};
		808F3A952DBA2C410019B6F6 /* WidgetKit ExplorationUITests */ = {
			isa = PBXNativeTarget;
			buildConfigurationList = 808F3AA62DBA2C410019B6F6 /* Build configuration list for PBXNativeTarget "WidgetKit ExplorationUITests" */;
			buildPhases = (
				808F3A922DBA2C410019B6F6 /* Sources */,
				808F3A932DBA2C410019B6F6 /* Frameworks */,
				808F3A942DBA2C410019B6F6 /* Resources */,
			);
			buildRules = (
			);
			dependencies = (
				808F3A982DBA2C410019B6F6 /* PBXTargetDependency */,
			);
			fileSystemSynchronizedGroups = (
				808F3A992DBA2C410019B6F6 /* WidgetKit ExplorationUITests */,
			);
			name = "WidgetKit ExplorationUITests";
			packageProductDependencies = (
			);
			productName = "WidgetKit ExplorationUITests";
			productReference = 808F3A962DBA2C410019B6F6 /* WidgetKit ExplorationUITests.xctest */;
			productType = "com.apple.product-type.bundle.ui-testing";
		};
		808F3AAC2DBA2D870019B6F6 /* WidgetKitExplorationWidgetExtension */ = {
			isa = PBXNativeTarget;
			buildConfigurationList = 808F3AC12DBA2D880019B6F6 /* Build configuration list for PBXNativeTarget "WidgetKitExplorationWidgetExtension" */;
			buildPhases = (
				808F3AA92DBA2D870019B6F6 /* Sources */,
				808F3AAA2DBA2D870019B6F6 /* Frameworks */,
				808F3AAB2DBA2D870019B6F6 /* Resources */,
			);
			buildRules = (
			);
			dependencies = (
			);
			fileSystemSynchronizedGroups = (
				808F3AB32DBA2D870019B6F6 /* WidgetKitExplorationWidget */,
			);
			name = WidgetKitExplorationWidgetExtension;
			packageProductDependencies = (
			);
			productName = WidgetKitExplorationWidgetExtension;
			productReference = 808F3AAD2DBA2D870019B6F6 /* WidgetKitExplorationWidgetExtension.appex */;
			productType = "com.apple.product-type.app-extension";
		};
/* End PBXNativeTarget section */

/* Begin PBXProject section */
		808F3A722DBA2C400019B6F6 /* Project object */ = {
			isa = PBXProject;
			attributes = {
				BuildIndependentTargetsInParallel = 1;
				LastSwiftUpdateCheck = 1620;
				LastUpgradeCheck = 1620;
				TargetAttributes = {
					808F3A792DBA2C400019B6F6 = {
						CreatedOnToolsVersion = 16.2;
					};
					808F3A8B2DBA2C410019B6F6 = {
						CreatedOnToolsVersion = 16.2;
						TestTargetID = 808F3A792DBA2C400019B6F6;
					};
					808F3A952DBA2C410019B6F6 = {
						CreatedOnToolsVersion = 16.2;
						TestTargetID = 808F3A792DBA2C400019B6F6;
					};
					808F3AAC2DBA2D870019B6F6 = {
						CreatedOnToolsVersion = 16.2;
					};
				};
			};
			buildConfigurationList = 808F3A752DBA2C400019B6F6 /* Build configuration list for PBXProject "WidgetKit Exploration" */;
			developmentRegion = en;
			hasScannedForEncodings = 0;
			knownRegions = (
				en,
				Base,
			);
			mainGroup = 808F3A712DBA2C400019B6F6;
			minimizedProjectReferenceProxies = 1;
			preferredProjectObjectVersion = 77;
			productRefGroup = 808F3A7B2DBA2C400019B6F6 /* Products */;
			projectDirPath = "";
			projectRoot = "";
			targets = (
				808F3A792DBA2C400019B6F6 /* WidgetKit Exploration */,
				808F3A8B2DBA2C410019B6F6 /* WidgetKit ExplorationTests */,
				808F3A952DBA2C410019B6F6 /* WidgetKit ExplorationUITests */,
				808F3AAC2DBA2D870019B6F6 /* WidgetKitExplorationWidgetExtension */,
			);
		};
/* End PBXProject section */

/* Begin PBXResourcesBuildPhase section */
		808F3A782DBA2C400019B6F6 /* Resources */ = {
			isa = PBXResourcesBuildPhase;
			buildActionMask = 2147483647;
			files = (
			);
			runOnlyForDeploymentPostprocessing = 0;
		};
		808F3A8A2DBA2C410019B6F6 /* Resources */ = {
			isa = PBXResourcesBuildPhase;
			buildActionMask = 2147483647;
			files = (
			);
			runOnlyForDeploymentPostprocessing = 0;
		};
		808F3A942DBA2C410019B6F6 /* Resources */ = {
			isa = PBXResourcesBuildPhase;
			buildActionMask = 2147483647;
			files = (
			);
			runOnlyForDeploymentPostprocessing = 0;
		};
		808F3AAB2DBA2D870019B6F6 /* Resources */ = {
			isa = PBXResourcesBuildPhase;
			buildActionMask = 2147483647;
			files = (
			);
			runOnlyForDeploymentPostprocessing = 0;
		};
/* End PBXResourcesBuildPhase section */

/* Begin PBXSourcesBuildPhase section */
		808F3A762DBA2C400019B6F6 /* Sources */ = {
			isa = PBXSourcesBuildPhase;
			buildActionMask = 2147483647;
			files = (
			);
			runOnlyForDeploymentPostprocessing = 0;
		};
		808F3A882DBA2C410019B6F6 /* Sources */ = {
			isa = PBXSourcesBuildPhase;
			buildActionMask = 2147483647;
			files = (
			);
			runOnlyForDeploymentPostprocessing = 0;
		};
		808F3A922DBA2C410019B6F6 /* Sources */ = {
			isa = PBXSourcesBuildPhase;
			buildActionMask = 2147483647;
			files = (
			);
			runOnlyForDeploymentPostprocessing = 0;
		};
		808F3AA92DBA2D870019B6F6 /* Sources */ = {
			isa = PBXSourcesBuildPhase;
			buildActionMask = 2147483647;
			files = (
			);
			runOnlyForDeploymentPostprocessing = 0;
		};
/* End PBXSourcesBuildPhase section */

/* Begin PBXTargetDependency section */
		808F3A8E2DBA2C410019B6F6 /* PBXTargetDependency */ = {
			isa = PBXTargetDependency;
			target = 808F3A792DBA2C400019B6F6 /* WidgetKit Exploration */;
			targetProxy = 808F3A8D2DBA2C410019B6F6 /* PBXContainerItemProxy */;
		};
		808F3A982DBA2C410019B6F6 /* PBXTargetDependency */ = {
			isa = PBXTargetDependency;
			target = 808F3A792DBA2C400019B6F6 /* WidgetKit Exploration */;
			targetProxy = 808F3A972DBA2C410019B6F6 /* PBXContainerItemProxy */;
		};
		808F3ABE2DBA2D880019B6F6 /* PBXTargetDependency */ = {
			isa = PBXTargetDependency;
			target = 808F3AAC2DBA2D870019B6F6 /* WidgetKitExplorationWidgetExtension */;
			targetProxy = 808F3ABD2DBA2D880019B6F6 /* PBXContainerItemProxy */;
		};
/* End PBXTargetDependency section */

/* Begin XCBuildConfiguration section */
		808F3A9E2DBA2C410019B6F6 /* Debug */ = {
			isa = XCBuildConfiguration;
			buildSettings = {
				ALWAYS_SEARCH_USER_PATHS = NO;
				ASSETCATALOG_COMPILER_GENERATE_SWIFT_ASSET_SYMBOL_EXTENSIONS = YES;
				CLANG_ANALYZER_NONNULL = YES;
				CLANG_ANALYZER_NUMBER_OBJECT_CONVERSION = YES_AGGRESSIVE;
				CLANG_CXX_LANGUAGE_STANDARD = "gnu++20";
				CLANG_ENABLE_MODULES = YES;
				CLANG_ENABLE_OBJC_ARC = YES;
				CLANG_ENABLE_OBJC_WEAK = YES;
				CLANG_WARN_BLOCK_CAPTURE_AUTORELEASING = YES;
				CLANG_WARN_BOOL_CONVERSION = YES;
				CLANG_WARN_COMMA = YES;
				CLANG_WARN_CONSTANT_CONVERSION = YES;
				CLANG_WARN_DEPRECATED_OBJC_IMPLEMENTATIONS = YES;
				CLANG_WARN_DIRECT_OBJC_ISA_USAGE = YES_ERROR;
				CLANG_WARN_DOCUMENTATION_COMMENTS = YES;
				CLANG_WARN_EMPTY_BODY = YES;
				CLANG_WARN_ENUM_CONVERSION = YES;
				CLANG_WARN_INFINITE_RECURSION = YES;
				CLANG_WARN_INT_CONVERSION = YES;
				CLANG_WARN_NON_LITERAL_NULL_CONVERSION = YES;
				CLANG_WARN_OBJC_IMPLICIT_RETAIN_SELF = YES;
				CLANG_WARN_OBJC_LITERAL_CONVERSION = YES;
				CLANG_WARN_OBJC_ROOT_CLASS = YES_ERROR;
				CLANG_WARN_QUOTED_INCLUDE_IN_FRAMEWORK_HEADER = YES;
				CLANG_WARN_RANGE_LOOP_ANALYSIS = YES;
				CLANG_WARN_STRICT_PROTOTYPES = YES;
				CLANG_WARN_SUSPICIOUS_MOVE = YES;
				CLANG_WARN_UNGUARDED_AVAILABILITY = YES_AGGRESSIVE;
				CLANG_WARN_UNREACHABLE_CODE = YES;
				CLANG_WARN__DUPLICATE_METHOD_MATCH = YES;
				COPY_PHASE_STRIP = NO;
				DEBUG_INFORMATION_FORMAT = dwarf;
				ENABLE_STRICT_OBJC_MSGSEND = YES;
				ENABLE_TESTABILITY = YES;
				ENABLE_USER_SCRIPT_SANDBOXING = YES;
				GCC_C_LANGUAGE_STANDARD = gnu17;
				GCC_DYNAMIC_NO_PIC = NO;
				GCC_NO_COMMON_BLOCKS = YES;
				GCC_OPTIMIZATION_LEVEL = 0;
				GCC_PREPROCESSOR_DEFINITIONS = (
					"DEBUG=1",
					"$(inherited)",
				);
				GCC_WARN_64_TO_32_BIT_CONVERSION = YES;
				GCC_WARN_ABOUT_RETURN_TYPE = YES_ERROR;
				GCC_WARN_UNDECLARED_SELECTOR = YES;
				GCC_WARN_UNINITIALIZED_AUTOS = YES_AGGRESSIVE;
				GCC_WARN_UNUSED_FUNCTION = YES;
				GCC_WARN_UNUSED_VARIABLE = YES;
				IPHONEOS_DEPLOYMENT_TARGET = 18.2;
				LOCALIZATION_PREFERS_STRING_CATALOGS = YES;
				MTL_ENABLE_DEBUG_INFO = INCLUDE_SOURCE;
				MTL_FAST_MATH = YES;
				ONLY_ACTIVE_ARCH = YES;
				SDKROOT = iphoneos;
				SWIFT_ACTIVE_COMPILATION_CONDITIONS = "DEBUG $(inherited)";
				SWIFT_OPTIMIZATION_LEVEL = "-Onone";
			};
			name = Debug;
		};
		808F3A9F2DBA2C410019B6F6 /* Release */ = {
			isa = XCBuildConfiguration;
			buildSettings = {
				ALWAYS_SEARCH_USER_PATHS = NO;
				ASSETCATALOG_COMPILER_GENERATE_SWIFT_ASSET_SYMBOL_EXTENSIONS = YES;
				CLANG_ANALYZER_NONNULL = YES;
				CLANG_ANALYZER_NUMBER_OBJECT_CONVERSION = YES_AGGRESSIVE;
				CLANG_CXX_LANGUAGE_STANDARD = "gnu++20";
				CLANG_ENABLE_MODULES = YES;
				CLANG_ENABLE_OBJC_ARC = YES;
				CLANG_ENABLE_OBJC_WEAK = YES;
				CLANG_WARN_BLOCK_CAPTURE_AUTORELEASING = YES;
				CLANG_WARN_BOOL_CONVERSION = YES;
				CLANG_WARN_COMMA = YES;
				CLANG_WARN_CONSTANT_CONVERSION = YES;
				CLANG_WARN_DEPRECATED_OBJC_IMPLEMENTATIONS = YES;
				CLANG_WARN_DIRECT_OBJC_ISA_USAGE = YES_ERROR;
				CLANG_WARN_DOCUMENTATION_COMMENTS = YES;
				CLANG_WARN_EMPTY_BODY = YES;
				CLANG_WARN_ENUM_CONVERSION = YES;
				CLANG_WARN_INFINITE_RECURSION = YES;
				CLANG_WARN_INT_CONVERSION = YES;
				CLANG_WARN_NON_LITERAL_NULL_CONVERSION = YES;
				CLANG_WARN_OBJC_IMPLICIT_RETAIN_SELF = YES;
				CLANG_WARN_OBJC_LITERAL_CONVERSION = YES;
				CLANG_WARN_OBJC_ROOT_CLASS = YES_ERROR;
				CLANG_WARN_QUOTED_INCLUDE_IN_FRAMEWORK_HEADER = YES;
				CLANG_WARN_RANGE_LOOP_ANALYSIS = YES;
				CLANG_WARN_STRICT_PROTOTYPES = YES;
				CLANG_WARN_SUSPICIOUS_MOVE = YES;
				CLANG_WARN_UNGUARDED_AVAILABILITY = YES_AGGRESSIVE;
				CLANG_WARN_UNREACHABLE_CODE = YES;
				CLANG_WARN__DUPLICATE_METHOD_MATCH = YES;
				COPY_PHASE_STRIP = NO;
				DEBUG_INFORMATION_FORMAT = "dwarf-with-dsym";
				ENABLE_NS_ASSERTIONS = NO;
				ENABLE_STRICT_OBJC_MSGSEND = YES;
				ENABLE_USER_SCRIPT_SANDBOXING = YES;
				GCC_C_LANGUAGE_STANDARD = gnu17;
				GCC_NO_COMMON_BLOCKS = YES;
				GCC_WARN_64_TO_32_BIT_CONVERSION = YES;
				GCC_WARN_ABOUT_RETURN_TYPE = YES_ERROR;
				GCC_WARN_UNDECLARED_SELECTOR = YES;
				GCC_WARN_UNINITIALIZED_AUTOS = YES_AGGRESSIVE;
				GCC_WARN_UNUSED_FUNCTION = YES;
				GCC_WARN_UNUSED_VARIABLE = YES;
				IPHONEOS_DEPLOYMENT_TARGET = 18.2;
				LOCALIZATION_PREFERS_STRING_CATALOGS = YES;
				MTL_ENABLE_DEBUG_INFO = NO;
				MTL_FAST_MATH = YES;
				SDKROOT = iphoneos;
				SWIFT_COMPILATION_MODE = wholemodule;
				VALIDATE_PRODUCT = YES;
			};
			name = Release;
		};
		808F3AA12DBA2C410019B6F6 /* Debug */ = {
			isa = XCBuildConfiguration;
			buildSettings = {
				ASSETCATALOG_COMPILER_APPICON_NAME = AppIcon;
				ASSETCATALOG_COMPILER_GLOBAL_ACCENT_COLOR_NAME = AccentColor;
				CODE_SIGN_ENTITLEMENTS = "WidgetKit Exploration/WidgetKit Exploration.entitlements";
				CODE_SIGN_STYLE = Automatic;
				CURRENT_PROJECT_VERSION = 1;
				DEVELOPMENT_ASSET_PATHS = "\"WidgetKit Exploration/Preview Content\"";
				DEVELOPMENT_TEAM = Z8PS8WLYZ6;
				ENABLE_PREVIEWS = YES;
				GENERATE_INFOPLIST_FILE = YES;
				INFOPLIST_KEY_UIApplicationSceneManifest_Generation = YES;
				INFOPLIST_KEY_UIApplicationSupportsIndirectInputEvents = YES;
				INFOPLIST_KEY_UILaunchScreen_Generation = YES;
				INFOPLIST_KEY_UISupportedInterfaceOrientations_iPad = "UIInterfaceOrientationPortrait UIInterfaceOrientationPortraitUpsideDown UIInterfaceOrientationLandscapeLeft UIInterfaceOrientationLandscapeRight";
				INFOPLIST_KEY_UISupportedInterfaceOrientations_iPhone = "UIInterfaceOrientationPortrait UIInterfaceOrientationLandscapeLeft UIInterfaceOrientationLandscapeRight";
				LD_RUNPATH_SEARCH_PATHS = (
					"$(inherited)",
					"@executable_path/Frameworks",
				);
				MARKETING_VERSION = 1.0;
				PRODUCT_BUNDLE_IDENTIFIER = "com.kaushikmanian.WidgetKit-Exploration";
				PRODUCT_NAME = "$(TARGET_NAME)";
				SWIFT_EMIT_LOC_STRINGS = YES;
				SWIFT_VERSION = 5.0;
				TARGETED_DEVICE_FAMILY = "1,2";
			};
			name = Debug;
		};
		808F3AA22DBA2C410019B6F6 /* Release */ = {
			isa = XCBuildConfiguration;
			buildSettings = {
				ASSETCATALOG_COMPILER_APPICON_NAME = AppIcon;
				ASSETCATALOG_COMPILER_GLOBAL_ACCENT_COLOR_NAME = AccentColor;
				CODE_SIGN_ENTITLEMENTS = "WidgetKit Exploration/WidgetKit Exploration.entitlements";
				CODE_SIGN_STYLE = Automatic;
				CURRENT_PROJECT_VERSION = 1;
				DEVELOPMENT_ASSET_PATHS = "\"WidgetKit Exploration/Preview Content\"";
				DEVELOPMENT_TEAM = Z8PS8WLYZ6;
				ENABLE_PREVIEWS = YES;
				GENERATE_INFOPLIST_FILE = YES;
				INFOPLIST_KEY_UIApplicationSceneManifest_Generation = YES;
				INFOPLIST_KEY_UIApplicationSupportsIndirectInputEvents = YES;
				INFOPLIST_KEY_UILaunchScreen_Generation = YES;
				INFOPLIST_KEY_UISupportedInterfaceOrientations_iPad = "UIInterfaceOrientationPortrait UIInterfaceOrientationPortraitUpsideDown UIInterfaceOrientationLandscapeLeft UIInterfaceOrientationLandscapeRight";
				INFOPLIST_KEY_UISupportedInterfaceOrientations_iPhone = "UIInterfaceOrientationPortrait UIInterfaceOrientationLandscapeLeft UIInterfaceOrientationLandscapeRight";
				LD_RUNPATH_SEARCH_PATHS = (
					"$(inherited)",
					"@executable_path/Frameworks",
				);
				MARKETING_VERSION = 1.0;
				PRODUCT_BUNDLE_IDENTIFIER = "com.kaushikmanian.WidgetKit-Exploration";
				PRODUCT_NAME = "$(TARGET_NAME)";
				SWIFT_EMIT_LOC_STRINGS = YES;
				SWIFT_VERSION = 5.0;
				TARGETED_DEVICE_FAMILY = "1,2";
			};
			name = Release;
		};
		808F3AA42DBA2C410019B6F6 /* Debug */ = {
			isa = XCBuildConfiguration;
			buildSettings = {
				BUNDLE_LOADER = "$(TEST_HOST)";
				CODE_SIGN_STYLE = Automatic;
				CURRENT_PROJECT_VERSION = 1;
				DEVELOPMENT_TEAM = Z8PS8WLYZ6;
				GENERATE_INFOPLIST_FILE = YES;
				IPHONEOS_DEPLOYMENT_TARGET = 18.2;
				MARKETING_VERSION = 1.0;
				PRODUCT_BUNDLE_IDENTIFIER = "com.kaushikmanian.WidgetKit-ExplorationTests";
				PRODUCT_NAME = "$(TARGET_NAME)";
				SWIFT_EMIT_LOC_STRINGS = NO;
				SWIFT_VERSION = 5.0;
				TARGETED_DEVICE_FAMILY = "1,2";
				TEST_HOST = "$(BUILT_PRODUCTS_DIR)/WidgetKit Exploration.app/$(BUNDLE_EXECUTABLE_FOLDER_PATH)/WidgetKit Exploration";
			};
			name = Debug;
		};
		808F3AA52DBA2C410019B6F6 /* Release */ = {
			isa = XCBuildConfiguration;
			buildSettings = {
				BUNDLE_LOADER = "$(TEST_HOST)";
				CODE_SIGN_STYLE = Automatic;
				CURRENT_PROJECT_VERSION = 1;
				DEVELOPMENT_TEAM = Z8PS8WLYZ6;
				GENERATE_INFOPLIST_FILE = YES;
				IPHONEOS_DEPLOYMENT_TARGET = 18.2;
				MARKETING_VERSION = 1.0;
				PRODUCT_BUNDLE_IDENTIFIER = "com.kaushikmanian.WidgetKit-ExplorationTests";
				PRODUCT_NAME = "$(TARGET_NAME)";
				SWIFT_EMIT_LOC_STRINGS = NO;
				SWIFT_VERSION = 5.0;
				TARGETED_DEVICE_FAMILY = "1,2";
				TEST_HOST = "$(BUILT_PRODUCTS_DIR)/WidgetKit Exploration.app/$(BUNDLE_EXECUTABLE_FOLDER_PATH)/WidgetKit Exploration";
			};
			name = Release;
		};
		808F3AA72DBA2C410019B6F6 /* Debug */ = {
			isa = XCBuildConfiguration;
			buildSettings = {
				CODE_SIGN_STYLE = Automatic;
				CURRENT_PROJECT_VERSION = 1;
				DEVELOPMENT_TEAM = Z8PS8WLYZ6;
				GENERATE_INFOPLIST_FILE = YES;
				MARKETING_VERSION = 1.0;
				PRODUCT_BUNDLE_IDENTIFIER = "com.kaushikmanian.WidgetKit-ExplorationUITests";
				PRODUCT_NAME = "$(TARGET_NAME)";
				SWIFT_EMIT_LOC_STRINGS = NO;
				SWIFT_VERSION = 5.0;
				TARGETED_DEVICE_FAMILY = "1,2";
				TEST_TARGET_NAME = "WidgetKit Exploration";
			};
			name = Debug;
		};
		808F3AA82DBA2C410019B6F6 /* Release */ = {
			isa = XCBuildConfiguration;
			buildSettings = {
				CODE_SIGN_STYLE = Automatic;
				CURRENT_PROJECT_VERSION = 1;
				DEVELOPMENT_TEAM = Z8PS8WLYZ6;
				GENERATE_INFOPLIST_FILE = YES;
				MARKETING_VERSION = 1.0;
				PRODUCT_BUNDLE_IDENTIFIER = "com.kaushikmanian.WidgetKit-ExplorationUITests";
				PRODUCT_NAME = "$(TARGET_NAME)";
				SWIFT_EMIT_LOC_STRINGS = NO;
				SWIFT_VERSION = 5.0;
				TARGETED_DEVICE_FAMILY = "1,2";
				TEST_TARGET_NAME = "WidgetKit Exploration";
			};
			name = Release;
		};
		808F3AC22DBA2D880019B6F6 /* Debug */ = {
			isa = XCBuildConfiguration;
			buildSettings = {
				ASSETCATALOG_COMPILER_GLOBAL_ACCENT_COLOR_NAME = AccentColor;
				ASSETCATALOG_COMPILER_WIDGET_BACKGROUND_COLOR_NAME = WidgetBackground;
				CODE_SIGN_ENTITLEMENTS = WidgetKitExplorationWidgetExtension.entitlements;
				CODE_SIGN_STYLE = Automatic;
				CURRENT_PROJECT_VERSION = 1;
				DEVELOPMENT_TEAM = Z8PS8WLYZ6;
				GENERATE_INFOPLIST_FILE = YES;
				INFOPLIST_FILE = WidgetKitExplorationWidget/Info.plist;
				INFOPLIST_KEY_CFBundleDisplayName = WidgetKitExplorationWidget;
				INFOPLIST_KEY_NSHumanReadableCopyright = "";
				LD_RUNPATH_SEARCH_PATHS = (
					"$(inherited)",
					"@executable_path/Frameworks",
					"@executable_path/../../Frameworks",
				);
				MARKETING_VERSION = 1.0;
				PRODUCT_BUNDLE_IDENTIFIER = "com.kaushikmanian.WidgetKit-Exploration.WidgetKitExplorationWidget";
				PRODUCT_NAME = "$(TARGET_NAME)";
				SKIP_INSTALL = YES;
				SWIFT_EMIT_LOC_STRINGS = YES;
				SWIFT_VERSION = 5.0;
				TARGETED_DEVICE_FAMILY = "1,2";
			};
			name = Debug;
		};
		808F3AC32DBA2D880019B6F6 /* Release */ = {
			isa = XCBuildConfiguration;
			buildSettings = {
				ASSETCATALOG_COMPILER_GLOBAL_ACCENT_COLOR_NAME = AccentColor;
				ASSETCATALOG_COMPILER_WIDGET_BACKGROUND_COLOR_NAME = WidgetBackground;
				CODE_SIGN_ENTITLEMENTS = WidgetKitExplorationWidgetExtension.entitlements;
				CODE_SIGN_STYLE = Automatic;
				CURRENT_PROJECT_VERSION = 1;
				DEVELOPMENT_TEAM = Z8PS8WLYZ6;
				GENERATE_INFOPLIST_FILE = YES;
				INFOPLIST_FILE = WidgetKitExplorationWidget/Info.plist;
				INFOPLIST_KEY_CFBundleDisplayName = WidgetKitExplorationWidget;
				INFOPLIST_KEY_NSHumanReadableCopyright = "";
				LD_RUNPATH_SEARCH_PATHS = (
					"$(inherited)",
					"@executable_path/Frameworks",
					"@executable_path/../../Frameworks",
				);
				MARKETING_VERSION = 1.0;
				PRODUCT_BUNDLE_IDENTIFIER = "com.kaushikmanian.WidgetKit-Exploration.WidgetKitExplorationWidget";
				PRODUCT_NAME = "$(TARGET_NAME)";
				SKIP_INSTALL = YES;
				SWIFT_EMIT_LOC_STRINGS = YES;
				SWIFT_VERSION = 5.0;
				TARGETED_DEVICE_FAMILY = "1,2";
			};
			name = Release;
		};
/* End XCBuildConfiguration section */

/* Begin XCConfigurationList section */
		808F3A752DBA2C400019B6F6 /* Build configuration list for PBXProject "WidgetKit Exploration" */ = {
			isa = XCConfigurationList;
			buildConfigurations = (
				808F3A9E2DBA2C410019B6F6 /* Debug */,
				808F3A9F2DBA2C410019B6F6 /* Release */,
			);
			defaultConfigurationIsVisible = 0;
			defaultConfigurationName = Release;
		};
		808F3AA02DBA2C410019B6F6 /* Build configuration list for PBXNativeTarget "WidgetKit Exploration" */ = {
			isa = XCConfigurationList;
			buildConfigurations = (
				808F3AA12DBA2C410019B6F6 /* Debug */,
				808F3AA22DBA2C410019B6F6 /* Release */,
			);
			defaultConfigurationIsVisible = 0;
			defaultConfigurationName = Release;
		};
		808F3AA32DBA2C410019B6F6 /* Build configuration list for PBXNativeTarget "WidgetKit ExplorationTests" */ = {
			isa = XCConfigurationList;
			buildConfigurations = (
				808F3AA42DBA2C410019B6F6 /* Debug */,
				808F3AA52DBA2C410019B6F6 /* Release */,
			);
			defaultConfigurationIsVisible = 0;
			defaultConfigurationName = Release;
		};
		808F3AA62DBA2C410019B6F6 /* Build configuration list for PBXNativeTarget "WidgetKit ExplorationUITests" */ = {
			isa = XCConfigurationList;
			buildConfigurations = (
				808F3AA72DBA2C410019B6F6 /* Debug */,
				808F3AA82DBA2C410019B6F6 /* Release */,
			);
			defaultConfigurationIsVisible = 0;
			defaultConfigurationName = Release;
		};
		808F3AC12DBA2D880019B6F6 /* Build configuration list for PBXNativeTarget "WidgetKitExplorationWidgetExtension" */ = {
			isa = XCConfigurationList;
			buildConfigurations = (
				808F3AC22DBA2D880019B6F6 /* Debug */,
				808F3AC32DBA2D880019B6F6 /* Release */,
			);
			defaultConfigurationIsVisible = 0;
			defaultConfigurationName = Release;
		};
/* End XCConfigurationList section */
	};
	rootObject = 808F3A722DBA2C400019B6F6 /* Project object */;
}
