// !$*UTF8*$!
{
	archiveVersion = 1;
	classes = {
	};
	objectVersion = 77;
	objects = {

/* Begin PBXContainerItemProxy section */
		807AF9E02DDC15E70058553B /* PBXContainerItemProxy */ = {
			isa = PBXContainerItemProxy;
			containerPortal = 807AF9C52DDC15E60058553B /* Project object */;
			proxyType = 1;
			remoteGlobalIDString = 807AF9CC2DDC15E60058553B;
			remoteInfo = "Coremotion Demo";
		};
		807AF9EA2DDC15E70058553B /* PBXContainerItemProxy */ = {
			isa = PBXContainerItemProxy;
			containerPortal = 807AF9C52DDC15E60058553B /* Project object */;
			proxyType = 1;
			remoteGlobalIDString = 807AF9CC2DDC15E60058553B;
			remoteInfo = "Coremotion Demo";
		};
/* End PBXContainerItemProxy section */

/* Begin PBXFileReference section */
		807AF9CD2DDC15E60058553B /* Coremotion Demo.app */ = {isa = PBXFileReference; explicitFileType = wrapper.application; includeInIndex = 0; path = "Coremotion Demo.app"; sourceTree = BUILT_PRODUCTS_DIR; };
		807AF9DF2DDC15E70058553B /* Coremotion DemoTests.xctest */ = {isa = PBXFileReference; explicitFileType = wrapper.cfbundle; includeInIndex = 0; path = "Coremotion DemoTests.xctest"; sourceTree = BUILT_PRODUCTS_DIR; };
		807AF9E92DDC15E70058553B /* Coremotion DemoUITests.xctest */ = {isa = PBXFileReference; explicitFileType = wrapper.cfbundle; includeInIndex = 0; path = "Coremotion DemoUITests.xctest"; sourceTree = BUILT_PRODUCTS_DIR; };
/* End PBXFileReference section */

/* Begin PBXFileSystemSynchronizedRootGroup section */
		807AF9CF2DDC15E60058553B /* Coremotion Demo */ = {
			isa = PBXFileSystemSynchronizedRootGroup;
			path = "Coremotion Demo";
			sourceTree = "<group>";
		};
		807AF9E22DDC15E70058553B /* Coremotion DemoTests */ = {
			isa = PBXFileSystemSynchronizedRootGroup;
			path = "Coremotion DemoTests";
			sourceTree = "<group>";
		};
		807AF9EC2DDC15E70058553B /* Coremotion DemoUITests */ = {
			isa = PBXFileSystemSynchronizedRootGroup;
			path = "Coremotion DemoUITests";
			sourceTree = "<group>";
		};
/* End PBXFileSystemSynchronizedRootGroup section */

/* Begin PBXFrameworksBuildPhase section */
		807AF9CA2DDC15E60058553B /* Frameworks */ = {
			isa = PBXFrameworksBuildPhase;
			buildActionMask = 2147483647;
			files = (
			);
			runOnlyForDeploymentPostprocessing = 0;
		};
		807AF9DC2DDC15E70058553B /* Frameworks */ = {
			isa = PBXFrameworksBuildPhase;
			buildActionMask = 2147483647;
			files = (
			);
			runOnlyForDeploymentPostprocessing = 0;
		};
		807AF9E62DDC15E70058553B /* Frameworks */ = {
			isa = PBXFrameworksBuildPhase;
			buildActionMask = 2147483647;
			files = (
			);
			runOnlyForDeploymentPostprocessing = 0;
		};
/* End PBXFrameworksBuildPhase section */

/* Begin PBXGroup section */
		807AF9C42DDC15E60058553B = {
			isa = PBXGroup;
			children = (
				807AF9CF2DDC15E60058553B /* Coremotion Demo */,
				807AF9E22DDC15E70058553B /* Coremotion DemoTests */,
				807AF9EC2DDC15E70058553B /* Coremotion DemoUITests */,
				807AF9CE2DDC15E60058553B /* Products */,
			);
			sourceTree = "<group>";
		};
		807AF9CE2DDC15E60058553B /* Products */ = {
			isa = PBXGroup;
			children = (
				807AF9CD2DDC15E60058553B /* Coremotion Demo.app */,
				807AF9DF2DDC15E70058553B /* Coremotion DemoTests.xctest */,
				807AF9E92DDC15E70058553B /* Coremotion DemoUITests.xctest */,
			);
			name = Products;
			sourceTree = "<group>";
		};
/* End PBXGroup section */

/* Begin PBXNativeTarget section */
		807AF9CC2DDC15E60058553B /* Coremotion Demo */ = {
			isa = PBXNativeTarget;
			buildConfigurationList = 807AF9F32DDC15E70058553B /* Build configuration list for PBXNativeTarget "Coremotion Demo" */;
			buildPhases = (
				807AF9C92DDC15E60058553B /* Sources */,
				807AF9CA2DDC15E60058553B /* Frameworks */,
				807AF9CB2DDC15E60058553B /* Resources */,
			);
			buildRules = (
			);
			dependencies = (
			);
			fileSystemSynchronizedGroups = (
				807AF9CF2DDC15E60058553B /* Coremotion Demo */,
			);
			name = "Coremotion Demo";
			packageProductDependencies = (
			);
			productName = "Coremotion Demo";
			productReference = 807AF9CD2DDC15E60058553B /* Coremotion Demo.app */;
			productType = "com.apple.product-type.application";
		};
		807AF9DE2DDC15E70058553B /* Coremotion DemoTests */ = {
			isa = PBXNativeTarget;
			buildConfigurationList = 807AF9F62DDC15E70058553B /* Build configuration list for PBXNativeTarget "Coremotion DemoTests" */;
			buildPhases = (
				807AF9DB2DDC15E70058553B /* Sources */,
				807AF9DC2DDC15E70058553B /* Frameworks */,
				807AF9DD2DDC15E70058553B /* Resources */,
			);
			buildRules = (
			);
			dependencies = (
				807AF9E12DDC15E70058553B /* PBXTargetDependency */,
			);
			fileSystemSynchronizedGroups = (
				807AF9E22DDC15E70058553B /* Coremotion DemoTests */,
			);
			name = "Coremotion DemoTests";
			packageProductDependencies = (
			);
			productName = "Coremotion DemoTests";
			productReference = 807AF9DF2DDC15E70058553B /* Coremotion DemoTests.xctest */;
			productType = "com.apple.product-type.bundle.unit-test";
		};
		807AF9E82DDC15E70058553B /* Coremotion DemoUITests */ = {
			isa = PBXNativeTarget;
			buildConfigurationList = 807AF9F92DDC15E70058553B /* Build configuration list for PBXNativeTarget "Coremotion DemoUITests" */;
			buildPhases = (
				807AF9E52DDC15E70058553B /* Sources */,
				807AF9E62DDC15E70058553B /* Frameworks */,
				807AF9E72DDC15E70058553B /* Resources */,
			);
			buildRules = (
			);
			dependencies = (
				807AF9EB2DDC15E70058553B /* PBXTargetDependency */,
			);
			fileSystemSynchronizedGroups = (
				807AF9EC2DDC15E70058553B /* Coremotion DemoUITests */,
			);
			name = "Coremotion DemoUITests";
			packageProductDependencies = (
			);
			productName = "Coremotion DemoUITests";
			productReference = 807AF9E92DDC15E70058553B /* Coremotion DemoUITests.xctest */;
			productType = "com.apple.product-type.bundle.ui-testing";
		};
/* End PBXNativeTarget section */

/* Begin PBXProject section */
		807AF9C52DDC15E60058553B /* Project object */ = {
			isa = PBXProject;
			attributes = {
				BuildIndependentTargetsInParallel = 1;
				LastSwiftUpdateCheck = 1620;
				LastUpgradeCheck = 1620;
				TargetAttributes = {
					807AF9CC2DDC15E60058553B = {
						CreatedOnToolsVersion = 16.2;
					};
					807AF9DE2DDC15E70058553B = {
						CreatedOnToolsVersion = 16.2;
						TestTargetID = 807AF9CC2DDC15E60058553B;
					};
					807AF9E82DDC15E70058553B = {
						CreatedOnToolsVersion = 16.2;
						TestTargetID = 807AF9CC2DDC15E60058553B;
					};
				};
			};
			buildConfigurationList = 807AF9C82DDC15E60058553B /* Build configuration list for PBXProject "Coremotion Demo" */;
			developmentRegion = en;
			hasScannedForEncodings = 0;
			knownRegions = (
				en,
				Base,
			);
			mainGroup = 807AF9C42DDC15E60058553B;
			minimizedProjectReferenceProxies = 1;
			preferredProjectObjectVersion = 77;
			productRefGroup = 807AF9CE2DDC15E60058553B /* Products */;
			projectDirPath = "";
			projectRoot = "";
			targets = (
				807AF9CC2DDC15E60058553B /* Coremotion Demo */,
				807AF9DE2DDC15E70058553B /* Coremotion DemoTests */,
				807AF9E82DDC15E70058553B /* Coremotion DemoUITests */,
			);
		};
/* End PBXProject section */

/* Begin PBXResourcesBuildPhase section */
		807AF9CB2DDC15E60058553B /* Resources */ = {
			isa = PBXResourcesBuildPhase;
			buildActionMask = 2147483647;
			files = (
			);
			runOnlyForDeploymentPostprocessing = 0;
		};
		807AF9DD2DDC15E70058553B /* Resources */ = {
			isa = PBXResourcesBuildPhase;
			buildActionMask = 2147483647;
			files = (
			);
			runOnlyForDeploymentPostprocessing = 0;
		};
		807AF9E72DDC15E70058553B /* Resources */ = {
			isa = PBXResourcesBuildPhase;
			buildActionMask = 2147483647;
			files = (
			);
			runOnlyForDeploymentPostprocessing = 0;
		};
/* End PBXResourcesBuildPhase section */

/* Begin PBXSourcesBuildPhase section */
		807AF9C92DDC15E60058553B /* Sources */ = {
			isa = PBXSourcesBuildPhase;
			buildActionMask = 2147483647;
			files = (
			);
			runOnlyForDeploymentPostprocessing = 0;
		};
		807AF9DB2DDC15E70058553B /* Sources */ = {
			isa = PBXSourcesBuildPhase;
			buildActionMask = 2147483647;
			files = (
			);
			runOnlyForDeploymentPostprocessing = 0;
		};
		807AF9E52DDC15E70058553B /* Sources */ = {
			isa = PBXSourcesBuildPhase;
			buildActionMask = 2147483647;
			files = (
			);
			runOnlyForDeploymentPostprocessing = 0;
		};
/* End PBXSourcesBuildPhase section */

/* Begin PBXTargetDependency section */
		807AF9E12DDC15E70058553B /* PBXTargetDependency */ = {
			isa = PBXTargetDependency;
			target = 807AF9CC2DDC15E60058553B /* Coremotion Demo */;
			targetProxy = 807AF9E02DDC15E70058553B /* PBXContainerItemProxy */;
		};
		807AF9EB2DDC15E70058553B /* PBXTargetDependency */ = {
			isa = PBXTargetDependency;
			target = 807AF9CC2DDC15E60058553B /* Coremotion Demo */;
			targetProxy = 807AF9EA2DDC15E70058553B /* PBXContainerItemProxy */;
		};
/* End PBXTargetDependency section */

/* Begin XCBuildConfiguration section */
		807AF9F12DDC15E70058553B /* Debug */ = {
			isa = XCBuildConfiguration;
			buildSettings = {
				ALWAYS_SEARCH_USER_PATHS = NO;
				ASSETCATALOG_COMPILER_GENERATE_SWIFT_ASSET_SYMBOL_EXTENSIONS = YES;
				CLANG_ANALYZER_NONNULL = YES;
				CLANG_ANALYZER_NUMBER_OBJECT_CONVERSION = YES_AGGRESSIVE;
				CLANG_CXX_LANGUAGE_STANDARD = "gnu++20";
				CLANG_ENABLE_MODULES = YES;
				CLANG_ENABLE_OBJC_ARC = YES;
				CLANG_ENABLE_OBJC_WEAK = YES;
				CLANG_WARN_BLOCK_CAPTURE_AUTORELEASING = YES;
				CLANG_WARN_BOOL_CONVERSION = YES;
				CLANG_WARN_COMMA = YES;
				CLANG_WARN_CONSTANT_CONVERSION = YES;
				CLANG_WARN_DEPRECATED_OBJC_IMPLEMENTATIONS = YES;
				CLANG_WARN_DIRECT_OBJC_ISA_USAGE = YES_ERROR;
				CLANG_WARN_DOCUMENTATION_COMMENTS = YES;
				CLANG_WARN_EMPTY_BODY = YES;
				CLANG_WARN_ENUM_CONVERSION = YES;
				CLANG_WARN_INFINITE_RECURSION = YES;
				CLANG_WARN_INT_CONVERSION = YES;
				CLANG_WARN_NON_LITERAL_NULL_CONVERSION = YES;
				CLANG_WARN_OBJC_IMPLICIT_RETAIN_SELF = YES;
				CLANG_WARN_OBJC_LITERAL_CONVERSION = YES;
				CLANG_WARN_OBJC_ROOT_CLASS = YES_ERROR;
				CLANG_WARN_QUOTED_INCLUDE_IN_FRAMEWORK_HEADER = YES;
				CLANG_WARN_RANGE_LOOP_ANALYSIS = YES;
				CLANG_WARN_STRICT_PROTOTYPES = YES;
				CLANG_WARN_SUSPICIOUS_MOVE = YES;
				CLANG_WARN_UNGUARDED_AVAILABILITY = YES_AGGRESSIVE;
				CLANG_WARN_UNREACHABLE_CODE = YES;
				CLANG_WARN__DUPLICATE_METHOD_MATCH = YES;
				COPY_PHASE_STRIP = NO;
				DEBUG_INFORMATION_FORMAT = dwarf;
				ENABLE_STRICT_OBJC_MSGSEND = YES;
				ENABLE_TESTABILITY = YES;
				ENABLE_USER_SCRIPT_SANDBOXING = YES;
				GCC_C_LANGUAGE_STANDARD = gnu17;
				GCC_DYNAMIC_NO_PIC = NO;
				GCC_NO_COMMON_BLOCKS = YES;
				GCC_OPTIMIZATION_LEVEL = 0;
				GCC_PREPROCESSOR_DEFINITIONS = (
					"DEBUG=1",
					"$(inherited)",
				);
				GCC_WARN_64_TO_32_BIT_CONVERSION = YES;
				GCC_WARN_ABOUT_RETURN_TYPE = YES_ERROR;
				GCC_WARN_UNDECLARED_SELECTOR = YES;
				GCC_WARN_UNINITIALIZED_AUTOS = YES_AGGRESSIVE;
				GCC_WARN_UNUSED_FUNCTION = YES;
				GCC_WARN_UNUSED_VARIABLE = YES;
				IPHONEOS_DEPLOYMENT_TARGET = 18.2;
				LOCALIZATION_PREFERS_STRING_CATALOGS = YES;
				MTL_ENABLE_DEBUG_INFO = INCLUDE_SOURCE;
				MTL_FAST_MATH = YES;
				ONLY_ACTIVE_ARCH = YES;
				SDKROOT = iphoneos;
				SWIFT_ACTIVE_COMPILATION_CONDITIONS = "DEBUG $(inherited)";
				SWIFT_OPTIMIZATION_LEVEL = "-Onone";
			};
			name = Debug;
		};
		807AF9F22DDC15E70058553B /* Release */ = {
			isa = XCBuildConfiguration;
			buildSettings = {
				ALWAYS_SEARCH_USER_PATHS = NO;
				ASSETCATALOG_COMPILER_GENERATE_SWIFT_ASSET_SYMBOL_EXTENSIONS = YES;
				CLANG_ANALYZER_NONNULL = YES;
				CLANG_ANALYZER_NUMBER_OBJECT_CONVERSION = YES_AGGRESSIVE;
				CLANG_CXX_LANGUAGE_STANDARD = "gnu++20";
				CLANG_ENABLE_MODULES = YES;
				CLANG_ENABLE_OBJC_ARC = YES;
				CLANG_ENABLE_OBJC_WEAK = YES;
				CLANG_WARN_BLOCK_CAPTURE_AUTORELEASING = YES;
				CLANG_WARN_BOOL_CONVERSION = YES;
				CLANG_WARN_COMMA = YES;
				CLANG_WARN_CONSTANT_CONVERSION = YES;
				CLANG_WARN_DEPRECATED_OBJC_IMPLEMENTATIONS = YES;
				CLANG_WARN_DIRECT_OBJC_ISA_USAGE = YES_ERROR;
				CLANG_WARN_DOCUMENTATION_COMMENTS = YES;
				CLANG_WARN_EMPTY_BODY = YES;
				CLANG_WARN_ENUM_CONVERSION = YES;
				CLANG_WARN_INFINITE_RECURSION = YES;
				CLANG_WARN_INT_CONVERSION = YES;
				CLANG_WARN_NON_LITERAL_NULL_CONVERSION = YES;
				CLANG_WARN_OBJC_IMPLICIT_RETAIN_SELF = YES;
				CLANG_WARN_OBJC_LITERAL_CONVERSION = YES;
				CLANG_WARN_OBJC_ROOT_CLASS = YES_ERROR;
				CLANG_WARN_QUOTED_INCLUDE_IN_FRAMEWORK_HEADER = YES;
				CLANG_WARN_RANGE_LOOP_ANALYSIS = YES;
				CLANG_WARN_STRICT_PROTOTYPES = YES;
				CLANG_WARN_SUSPICIOUS_MOVE = YES;
				CLANG_WARN_UNGUARDED_AVAILABILITY = YES_AGGRESSIVE;
				CLANG_WARN_UNREACHABLE_CODE = YES;
				CLANG_WARN__DUPLICATE_METHOD_MATCH = YES;
				COPY_PHASE_STRIP = NO;
				DEBUG_INFORMATION_FORMAT = "dwarf-with-dsym";
				ENABLE_NS_ASSERTIONS = NO;
				ENABLE_STRICT_OBJC_MSGSEND = YES;
				ENABLE_USER_SCRIPT_SANDBOXING = YES;
				GCC_C_LANGUAGE_STANDARD = gnu17;
				GCC_NO_COMMON_BLOCKS = YES;
				GCC_WARN_64_TO_32_BIT_CONVERSION = YES;
				GCC_WARN_ABOUT_RETURN_TYPE = YES_ERROR;
				GCC_WARN_UNDECLARED_SELECTOR = YES;
				GCC_WARN_UNINITIALIZED_AUTOS = YES_AGGRESSIVE;
				GCC_WARN_UNUSED_FUNCTION = YES;
				GCC_WARN_UNUSED_VARIABLE = YES;
				IPHONEOS_DEPLOYMENT_TARGET = 18.2;
				LOCALIZATION_PREFERS_STRING_CATALOGS = YES;
				MTL_ENABLE_DEBUG_INFO = NO;
				MTL_FAST_MATH = YES;
				SDKROOT = iphoneos;
				SWIFT_COMPILATION_MODE = wholemodule;
				VALIDATE_PRODUCT = YES;
			};
			name = Release;
		};
		807AF9F42DDC15E70058553B /* Debug */ = {
			isa = XCBuildConfiguration;
			buildSettings = {
				ASSETCATALOG_COMPILER_APPICON_NAME = AppIcon;
				ASSETCATALOG_COMPILER_GLOBAL_ACCENT_COLOR_NAME = AccentColor;
				CODE_SIGN_STYLE = Automatic;
				CURRENT_PROJECT_VERSION = 1;
				DEVELOPMENT_ASSET_PATHS = "\"Coremotion Demo/Preview Content\"";
				DEVELOPMENT_TEAM = Z8PS8WLYZ6;
				ENABLE_PREVIEWS = YES;
				GENERATE_INFOPLIST_FILE = YES;
				INFOPLIST_KEY_NSMotionUsageDescription = "we need your sensors access";
				INFOPLIST_KEY_UIApplicationSceneManifest_Generation = YES;
				INFOPLIST_KEY_UIApplicationSupportsIndirectInputEvents = YES;
				INFOPLIST_KEY_UILaunchScreen_Generation = YES;
				INFOPLIST_KEY_UISupportedInterfaceOrientations_iPad = "UIInterfaceOrientationPortrait UIInterfaceOrientationPortraitUpsideDown UIInterfaceOrientationLandscapeLeft UIInterfaceOrientationLandscapeRight";
				INFOPLIST_KEY_UISupportedInterfaceOrientations_iPhone = "UIInterfaceOrientationPortrait UIInterfaceOrientationLandscapeLeft UIInterfaceOrientationLandscapeRight";
				IPHONEOS_DEPLOYMENT_TARGET = 18;
				LD_RUNPATH_SEARCH_PATHS = (
					"$(inherited)",
					"@executable_path/Frameworks",
				);
				MARKETING_VERSION = 1.0;
				PRODUCT_BUNDLE_IDENTIFIER = "com.kaushikmanian.Coremotion-Demo";
				PRODUCT_NAME = "$(TARGET_NAME)";
				SWIFT_EMIT_LOC_STRINGS = YES;
				SWIFT_VERSION = 5.0;
				TARGETED_DEVICE_FAMILY = "1,2";
			};
			name = Debug;
		};
		807AF9F52DDC15E70058553B /* Release */ = {
			isa = XCBuildConfiguration;
			buildSettings = {
				ASSETCATALOG_COMPILER_APPICON_NAME = AppIcon;
				ASSETCATALOG_COMPILER_GLOBAL_ACCENT_COLOR_NAME = AccentColor;
				CODE_SIGN_STYLE = Automatic;
				CURRENT_PROJECT_VERSION = 1;
				DEVELOPMENT_ASSET_PATHS = "\"Coremotion Demo/Preview Content\"";
				DEVELOPMENT_TEAM = Z8PS8WLYZ6;
				ENABLE_PREVIEWS = YES;
				GENERATE_INFOPLIST_FILE = YES;
				INFOPLIST_KEY_NSMotionUsageDescription = "we need your sensors access";
				INFOPLIST_KEY_UIApplicationSceneManifest_Generation = YES;
				INFOPLIST_KEY_UIApplicationSupportsIndirectInputEvents = YES;
				INFOPLIST_KEY_UILaunchScreen_Generation = YES;
				INFOPLIST_KEY_UISupportedInterfaceOrientations_iPad = "UIInterfaceOrientationPortrait UIInterfaceOrientationPortraitUpsideDown UIInterfaceOrientationLandscapeLeft UIInterfaceOrientationLandscapeRight";
				INFOPLIST_KEY_UISupportedInterfaceOrientations_iPhone = "UIInterfaceOrientationPortrait UIInterfaceOrientationLandscapeLeft UIInterfaceOrientationLandscapeRight";
				IPHONEOS_DEPLOYMENT_TARGET = 18;
				LD_RUNPATH_SEARCH_PATHS = (
					"$(inherited)",
					"@executable_path/Frameworks",
				);
				MARKETING_VERSION = 1.0;
				PRODUCT_BUNDLE_IDENTIFIER = "com.kaushikmanian.Coremotion-Demo";
				PRODUCT_NAME = "$(TARGET_NAME)";
				SWIFT_EMIT_LOC_STRINGS = YES;
				SWIFT_VERSION = 5.0;
				TARGETED_DEVICE_FAMILY = "1,2";
			};
			name = Release;
		};
		807AF9F72DDC15E70058553B /* Debug */ = {
			isa = XCBuildConfiguration;
			buildSettings = {
				BUNDLE_LOADER = "$(TEST_HOST)";
				CODE_SIGN_STYLE = Automatic;
				CURRENT_PROJECT_VERSION = 1;
				DEVELOPMENT_TEAM = Z8PS8WLYZ6;
				GENERATE_INFOPLIST_FILE = YES;
				IPHONEOS_DEPLOYMENT_TARGET = 18.2;
				MARKETING_VERSION = 1.0;
				PRODUCT_BUNDLE_IDENTIFIER = "com.kaushikmanian.Coremotion-DemoTests";
				PRODUCT_NAME = "$(TARGET_NAME)";
				SWIFT_EMIT_LOC_STRINGS = NO;
				SWIFT_VERSION = 5.0;
				TARGETED_DEVICE_FAMILY = "1,2";
				TEST_HOST = "$(BUILT_PRODUCTS_DIR)/Coremotion Demo.app/$(BUNDLE_EXECUTABLE_FOLDER_PATH)/Coremotion Demo";
			};
			name = Debug;
		};
		807AF9F82DDC15E70058553B /* Release */ = {
			isa = XCBuildConfiguration;
			buildSettings = {
				BUNDLE_LOADER = "$(TEST_HOST)";
				CODE_SIGN_STYLE = Automatic;
				CURRENT_PROJECT_VERSION = 1;
				DEVELOPMENT_TEAM = Z8PS8WLYZ6;
				GENERATE_INFOPLIST_FILE = YES;
				IPHONEOS_DEPLOYMENT_TARGET = 18.2;
				MARKETING_VERSION = 1.0;
				PRODUCT_BUNDLE_IDENTIFIER = "com.kaushikmanian.Coremotion-DemoTests";
				PRODUCT_NAME = "$(TARGET_NAME)";
				SWIFT_EMIT_LOC_STRINGS = NO;
				SWIFT_VERSION = 5.0;
				TARGETED_DEVICE_FAMILY = "1,2";
				TEST_HOST = "$(BUILT_PRODUCTS_DIR)/Coremotion Demo.app/$(BUNDLE_EXECUTABLE_FOLDER_PATH)/Coremotion Demo";
			};
			name = Release;
		};
		807AF9FA2DDC15E70058553B /* Debug */ = {
			isa = XCBuildConfiguration;
			buildSettings = {
				CODE_SIGN_STYLE = Automatic;
				CURRENT_PROJECT_VERSION = 1;
				DEVELOPMENT_TEAM = Z8PS8WLYZ6;
				GENERATE_INFOPLIST_FILE = YES;
				MARKETING_VERSION = 1.0;
				PRODUCT_BUNDLE_IDENTIFIER = "com.kaushikmanian.Coremotion-DemoUITests";
				PRODUCT_NAME = "$(TARGET_NAME)";
				SWIFT_EMIT_LOC_STRINGS = NO;
				SWIFT_VERSION = 5.0;
				TARGETED_DEVICE_FAMILY = "1,2";
				TEST_TARGET_NAME = "Coremotion Demo";
			};
			name = Debug;
		};
		807AF9FB2DDC15E70058553B /* Release */ = {
			isa = XCBuildConfiguration;
			buildSettings = {
				CODE_SIGN_STYLE = Automatic;
				CURRENT_PROJECT_VERSION = 1;
				DEVELOPMENT_TEAM = Z8PS8WLYZ6;
				GENERATE_INFOPLIST_FILE = YES;
				MARKETING_VERSION = 1.0;
				PRODUCT_BUNDLE_IDENTIFIER = "com.kaushikmanian.Coremotion-DemoUITests";
				PRODUCT_NAME = "$(TARGET_NAME)";
				SWIFT_EMIT_LOC_STRINGS = NO;
				SWIFT_VERSION = 5.0;
				TARGETED_DEVICE_FAMILY = "1,2";
				TEST_TARGET_NAME = "Coremotion Demo";
			};
			name = Release;
		};
/* End XCBuildConfiguration section */

/* Begin XCConfigurationList section */
		807AF9C82DDC15E60058553B /* Build configuration list for PBXProject "Coremotion Demo" */ = {
			isa = XCConfigurationList;
			buildConfigurations = (
				807AF9F12DDC15E70058553B /* Debug */,
				807AF9F22DDC15E70058553B /* Release */,
			);
			defaultConfigurationIsVisible = 0;
			defaultConfigurationName = Release;
		};
		807AF9F32DDC15E70058553B /* Build configuration list for PBXNativeTarget "Coremotion Demo" */ = {
			isa = XCConfigurationList;
			buildConfigurations = (
				807AF9F42DDC15E70058553B /* Debug */,
				807AF9F52DDC15E70058553B /* Release */,
			);
			defaultConfigurationIsVisible = 0;
			defaultConfigurationName = Release;
		};
		807AF9F62DDC15E70058553B /* Build configuration list for PBXNativeTarget "Coremotion DemoTests" */ = {
			isa = XCConfigurationList;
			buildConfigurations = (
				807AF9F72DDC15E70058553B /* Debug */,
				807AF9F82DDC15E70058553B /* Release */,
			);
			defaultConfigurationIsVisible = 0;
			defaultConfigurationName = Release;
		};
		807AF9F92DDC15E70058553B /* Build configuration list for PBXNativeTarget "Coremotion DemoUITests" */ = {
			isa = XCConfigurationList;
			buildConfigurations = (
				807AF9FA2DDC15E70058553B /* Debug */,
				807AF9FB2DDC15E70058553B /* Release */,
			);
			defaultConfigurationIsVisible = 0;
			defaultConfigurationName = Release;
		};
/* End XCConfigurationList section */
	};
	rootObject = 807AF9C52DDC15E60058553B /* Project object */;
}
